// !$*UTF8*$!
{
	archiveVersion = 1;
	classes = {
	};
	objectVersion = 56;
	objects = {

/* Begin PBXBuildFile section */
		03AFDE386740AC9968A59381 /* Pods_Safariyati.framework in Frameworks */ = {isa = PBXBuildFile; fileRef = 90CE53CEA5C6EDC6EF9D0DE0 /* Pods_Safariyati.framework */; };
		651B58E42BC7944C00132165 /* AddFlightltineraryTVCell.swift in Sources */ = {isa = PBXBuildFile; fileRef = 651B58E22BC7944C00132165 /* AddFlightltineraryTVCell.swift */; };
		651B58E52BC7944C00132165 /* AddFlightltineraryTVCell.xib in Resources */ = {isa = PBXBuildFile; fileRef = 651B58E32BC7944C00132165 /* AddFlightltineraryTVCell.xib */; };
		651B58E92BC794EA00132165 /* AddFlightltineraryInfoTVCell.swift in Sources */ = {isa = PBXBuildFile; fileRef = 651B58E72BC794EA00132165 /* AddFlightltineraryInfoTVCell.swift */; };
		651B58EA2BC794EA00132165 /* AddFlightltineraryInfoTVCell.xib in Resources */ = {isa = PBXBuildFile; fileRef = 651B58E82BC794EA00132165 /* AddFlightltineraryInfoTVCell.xib */; };
		651B58EE2BC79FD200132165 /* BaggageTVCell.swift in Sources */ = {isa = PBXBuildFile; fileRef = 651B58EC2BC79FD200132165 /* BaggageTVCell.swift */; };
		651B58EF2BC79FD200132165 /* BaggageTVCell.xib in Resources */ = {isa = PBXBuildFile; fileRef = 651B58ED2BC79FD200132165 /* BaggageTVCell.xib */; };
		651B58F32BC7A68100132165 /* ExchangeOrRefundTVCell.swift in Sources */ = {isa = PBXBuildFile; fileRef = 651B58F12BC7A68100132165 /* ExchangeOrRefundTVCell.swift */; };
		651B58F42BC7A68100132165 /* ExchangeOrRefundTVCell.xib in Resources */ = {isa = PBXBuildFile; fileRef = 651B58F22BC7A68100132165 /* ExchangeOrRefundTVCell.xib */; };
		651B58F62BC7AAB400132165 /* ModifySearchVC.swift in Sources */ = {isa = PBXBuildFile; fileRef = 651B58F52BC7AAB400132165 /* ModifySearchVC.swift */; };
		651B58FC2BC7BBA000132165 /* SelectFareTVCell.swift in Sources */ = {isa = PBXBuildFile; fileRef = 651B58FA2BC7BBA000132165 /* SelectFareTVCell.swift */; };
		651B58FD2BC7BBA000132165 /* SelectFareTVCell.xib in Resources */ = {isa = PBXBuildFile; fileRef = 651B58FB2BC7BBA000132165 /* SelectFareTVCell.xib */; };
		651B59012BC7BDBA00132165 /* AddFareInfoTVCell.swift in Sources */ = {isa = PBXBuildFile; fileRef = 651B58FF2BC7BDBA00132165 /* AddFareInfoTVCell.swift */; };
		651B59022BC7BDBA00132165 /* AddFareInfoTVCell.xib in Resources */ = {isa = PBXBuildFile; fileRef = 651B59002BC7BDBA00132165 /* AddFareInfoTVCell.xib */; };
		651B59062BC7EAE700132165 /* SelectCurrencyVC.swift in Sources */ = {isa = PBXBuildFile; fileRef = 651B59052BC7EAE700132165 /* SelectCurrencyVC.swift */; };
		651B590C2BC7EC8100132165 /* BDFlightDetailsTVCell.swift in Sources */ = {isa = PBXBuildFile; fileRef = 651B590A2BC7EC8100132165 /* BDFlightDetailsTVCell.swift */; };
		651B590D2BC7EC8100132165 /* BDFlightDetailsTVCell.xib in Resources */ = {isa = PBXBuildFile; fileRef = 651B590B2BC7EC8100132165 /* BDFlightDetailsTVCell.xib */; };
		651B59112BC7EFDE00132165 /* GuestRegistrationTVCell.swift in Sources */ = {isa = PBXBuildFile; fileRef = 651B590F2BC7EFDE00132165 /* GuestRegistrationTVCell.swift */; };
		651B59122BC7EFDE00132165 /* GuestRegistrationTVCell.xib in Resources */ = {isa = PBXBuildFile; fileRef = 651B59102BC7EFDE00132165 /* GuestRegistrationTVCell.xib */; };
		653378262BC646CE00E8B940 /* SelectTravellerTVCell.swift in Sources */ = {isa = PBXBuildFile; fileRef = 653378242BC646CE00E8B940 /* SelectTravellerTVCell.swift */; };
		653378272BC646CE00E8B940 /* SelectTravellerTVCell.xib in Resources */ = {isa = PBXBuildFile; fileRef = 653378252BC646CE00E8B940 /* SelectTravellerTVCell.xib */; };
		653378292BC6513D00E8B940 /* AddTravellerVC.swift in Sources */ = {isa = PBXBuildFile; fileRef = 653378282BC6513D00E8B940 /* AddTravellerVC.swift */; };
		6533782D2BC6885400E8B940 /* CabinClassCVCell.swift in Sources */ = {isa = PBXBuildFile; fileRef = 6533782B2BC6885400E8B940 /* CabinClassCVCell.swift */; };
		6533782E2BC6885400E8B940 /* CabinClassCVCell.xib in Resources */ = {isa = PBXBuildFile; fileRef = 6533782C2BC6885400E8B940 /* CabinClassCVCell.xib */; };
		653378322BC688FB00E8B940 /* CabinClassTVCell.swift in Sources */ = {isa = PBXBuildFile; fileRef = 653378302BC688FB00E8B940 /* CabinClassTVCell.swift */; };
		653378332BC688FB00E8B940 /* CabinClassTVCell.xib in Resources */ = {isa = PBXBuildFile; fileRef = 653378312BC688FB00E8B940 /* CabinClassTVCell.xib */; };
		653378352BC6940300E8B940 /* SearchResultVC.swift in Sources */ = {isa = PBXBuildFile; fileRef = 653378342BC6940300E8B940 /* SearchResultVC.swift */; };
		6533783A2BC6946C00E8B940 /* AddFlightInfoTVCell.swift in Sources */ = {isa = PBXBuildFile; fileRef = 653378382BC6946C00E8B940 /* AddFlightInfoTVCell.swift */; };
		6533783B2BC6946C00E8B940 /* AddFlightInfoTVCell.xib in Resources */ = {isa = PBXBuildFile; fileRef = 653378392BC6946C00E8B940 /* AddFlightInfoTVCell.xib */; };
		6533783F2BC69A0500E8B940 /* SearchResultTVCell.swift in Sources */ = {isa = PBXBuildFile; fileRef = 6533783D2BC69A0500E8B940 /* SearchResultTVCell.swift */; };
		653378402BC69A0500E8B940 /* SearchResultTVCell.xib in Resources */ = {isa = PBXBuildFile; fileRef = 6533783E2BC69A0500E8B940 /* SearchResultTVCell.xib */; };
		653378422BC6AE3B00E8B940 /* FlightDetailsVC.swift in Sources */ = {isa = PBXBuildFile; fileRef = 653378412BC6AE3B00E8B940 /* FlightDetailsVC.swift */; };
		653378442BC6C1AD00E8B940 /* SelectFareVC.swift in Sources */ = {isa = PBXBuildFile; fileRef = 653378432BC6C1AD00E8B940 /* SelectFareVC.swift */; };
		653378462BC6C1BD00E8B940 /* BookingDetailsVC.swift in Sources */ = {isa = PBXBuildFile; fileRef = 653378452BC6C1BD00E8B940 /* BookingDetailsVC.swift */; };
		65562BF32BC501FF00E7883F /* MoreVC.swift in Sources */ = {isa = PBXBuildFile; fileRef = 65562BF22BC501FF00E7883F /* MoreVC.swift */; };
		65562BF52BC506EA00E7883F /* MoreDetailsVC.swift in Sources */ = {isa = PBXBuildFile; fileRef = 65562BF42BC506EA00E7883F /* MoreDetailsVC.swift */; };
		65562BF72BC5417000E7883F /* SelectCityVC.swift in Sources */ = {isa = PBXBuildFile; fileRef = 65562BF62BC5417000E7883F /* SelectCityVC.swift */; };
		65562BFB2BC5438700E7883F /* CityInfoTVCell.swift in Sources */ = {isa = PBXBuildFile; fileRef = 65562BF92BC5438700E7883F /* CityInfoTVCell.swift */; };
		65562BFC2BC5438700E7883F /* CityInfoTVCell.xib in Resources */ = {isa = PBXBuildFile; fileRef = 65562BFA2BC5438700E7883F /* CityInfoTVCell.xib */; };
		657684C02BC815DB00F0FF80 /* TermsAndPrivacyCheckBoxTVCell.swift in Sources */ = {isa = PBXBuildFile; fileRef = 657684BE2BC815DB00F0FF80 /* TermsAndPrivacyCheckBoxTVCell.swift */; };
		657684C12BC815DB00F0FF80 /* TermsAndPrivacyCheckBoxTVCell.xib in Resources */ = {isa = PBXBuildFile; fileRef = 657684BF2BC815DB00F0FF80 /* TermsAndPrivacyCheckBoxTVCell.xib */; };
		65A0A9B92BC3D24500919446 /* SearchFlightsVC.swift in Sources */ = {isa = PBXBuildFile; fileRef = 65A0A9B82BC3D24500919446 /* SearchFlightsVC.swift */; };
		65A0A9BC2BC3D26600919446 /* Flights.storyboard in Resources */ = {isa = PBXBuildFile; fileRef = 65A0A9BB2BC3D26600919446 /* Flights.storyboard */; };
		65A0A9C52BC40F0E00919446 /* SearchFlightsTVCell.swift in Sources */ = {isa = PBXBuildFile; fileRef = 65A0A9C32BC40F0E00919446 /* SearchFlightsTVCell.swift */; };
		65A0A9C62BC40F0E00919446 /* SearchFlightsTVCell.xib in Resources */ = {isa = PBXBuildFile; fileRef = 65A0A9C42BC40F0E00919446 /* SearchFlightsTVCell.xib */; };
		65A719452BBFE02D009C05D3 /* AppDelegate.swift in Sources */ = {isa = PBXBuildFile; fileRef = 65A719442BBFE02D009C05D3 /* AppDelegate.swift */; };
		65A719472BBFE02D009C05D3 /* SceneDelegate.swift in Sources */ = {isa = PBXBuildFile; fileRef = 65A719462BBFE02D009C05D3 /* SceneDelegate.swift */; };
		65A719492BBFE02D009C05D3 /* ViewController.swift in Sources */ = {isa = PBXBuildFile; fileRef = 65A719482BBFE02D009C05D3 /* ViewController.swift */; };
		65A7194C2BBFE02D009C05D3 /* Main.storyboard in Resources */ = {isa = PBXBuildFile; fileRef = 65A7194A2BBFE02D009C05D3 /* Main.storyboard */; };
		65A7194E2BBFE02F009C05D3 /* Assets.xcassets in Resources */ = {isa = PBXBuildFile; fileRef = 65A7194D2BBFE02F009C05D3 /* Assets.xcassets */; };
		65A719512BBFE02F009C05D3 /* LaunchScreen.storyboard in Resources */ = {isa = PBXBuildFile; fileRef = 65A7194F2BBFE02F009C05D3 /* LaunchScreen.storyboard */; };
		65A7195C2BBFE02F009C05D3 /* SafariyatiTests.swift in Sources */ = {isa = PBXBuildFile; fileRef = 65A7195B2BBFE02F009C05D3 /* SafariyatiTests.swift */; };
		65A719662BBFE02F009C05D3 /* SafariyatiUITests.swift in Sources */ = {isa = PBXBuildFile; fileRef = 65A719652BBFE02F009C05D3 /* SafariyatiUITests.swift */; };
		65A719682BBFE02F009C05D3 /* SafariyatiUITestsLaunchTests.swift in Sources */ = {isa = PBXBuildFile; fileRef = 65A719672BBFE02F009C05D3 /* SafariyatiUITestsLaunchTests.swift */; };
		65A719BC2BBFE2C7009C05D3 /* BaseVC.swift in Sources */ = {isa = PBXBuildFile; fileRef = 65A719772BBFE2C7009C05D3 /* BaseVC.swift */; };
		65A719BD2BBFE2C7009C05D3 /* TableViewCell.swift in Sources */ = {isa = PBXBuildFile; fileRef = 65A719782BBFE2C7009C05D3 /* TableViewCell.swift */; };
		65A719BE2BBFE2C7009C05D3 /* BaseTableVC.swift in Sources */ = {isa = PBXBuildFile; fileRef = 65A719792BBFE2C7009C05D3 /* BaseTableVC.swift */; };
		65A719BF2BBFE2C7009C05D3 /* UIModels.swift in Sources */ = {isa = PBXBuildFile; fileRef = 65A7197A2BBFE2C7009C05D3 /* UIModels.swift */; };
		65A719C12BBFE2C7009C05D3 /* Constants.swift in Sources */ = {isa = PBXBuildFile; fileRef = 65A7197D2BBFE2C7009C05D3 /* Constants.swift */; };
		65A719C22BBFE2C7009C05D3 /* loder.gif in Resources */ = {isa = PBXBuildFile; fileRef = 65A7197E2BBFE2C7009C05D3 /* loder.gif */; };
		65A719C32BBFE2C7009C05D3 /* sucessful.gif in Resources */ = {isa = PBXBuildFile; fileRef = 65A7197F2BBFE2C7009C05D3 /* sucessful.gif */; };
		65A719C42BBFE2C7009C05D3 /* SessionManager.swift in Sources */ = {isa = PBXBuildFile; fileRef = 65A719802BBFE2C7009C05D3 /* SessionManager.swift */; };
		65A719C52BBFE2C7009C05D3 /* ServiceManager.swift in Sources */ = {isa = PBXBuildFile; fileRef = 65A719832BBFE2C7009C05D3 /* ServiceManager.swift */; };
		65A719C62BBFE2C7009C05D3 /* BorderView.swift in Sources */ = {isa = PBXBuildFile; fileRef = 65A719842BBFE2C7009C05D3 /* BorderView.swift */; };
		65A719C72BBFE2C7009C05D3 /* TableViewHelper.swift in Sources */ = {isa = PBXBuildFile; fileRef = 65A719862BBFE2C7009C05D3 /* TableViewHelper.swift */; };
		65A719C82BBFE2C7009C05D3 /* UIViewControllerExtension.swift in Sources */ = {isa = PBXBuildFile; fileRef = 65A719872BBFE2C7009C05D3 /* UIViewControllerExtension.swift */; };
		65A719C92BBFE2C7009C05D3 /* ButtonExtension.swift in Sources */ = {isa = PBXBuildFile; fileRef = 65A719882BBFE2C7009C05D3 /* ButtonExtension.swift */; };
		65A719CA2BBFE2C7009C05D3 /* UIKitHelper.swift in Sources */ = {isa = PBXBuildFile; fileRef = 65A719892BBFE2C7009C05D3 /* UIKitHelper.swift */; };
		65A719CB2BBFE2C7009C05D3 /* TableViewExtensions.swift in Sources */ = {isa = PBXBuildFile; fileRef = 65A7198A2BBFE2C7009C05D3 /* TableViewExtensions.swift */; };
		65A719CC2BBFE2C7009C05D3 /* StringExtension.swift in Sources */ = {isa = PBXBuildFile; fileRef = 65A7198B2BBFE2C7009C05D3 /* StringExtension.swift */; };
		65A719CD2BBFE2C7009C05D3 /* TextFieldExtension.swift in Sources */ = {isa = PBXBuildFile; fileRef = 65A7198C2BBFE2C7009C05D3 /* TextFieldExtension.swift */; };
		65A719CE2BBFE2C7009C05D3 /* DateExtension.swift in Sources */ = {isa = PBXBuildFile; fileRef = 65A7198D2BBFE2C7009C05D3 /* DateExtension.swift */; };
		65A719CF2BBFE2C7009C05D3 /* UITapGestureRecognizer.swift in Sources */ = {isa = PBXBuildFile; fileRef = 65A7198E2BBFE2C7009C05D3 /* UITapGestureRecognizer.swift */; };
		65A719D02BBFE2C7009C05D3 /* FontManager.swift in Sources */ = {isa = PBXBuildFile; fileRef = 65A719902BBFE2C7009C05D3 /* FontManager.swift */; };
		65A719D52BBFE2C7009C05D3 /* UIColorManager.swift in Sources */ = {isa = PBXBuildFile; fileRef = 65A719962BBFE2C7009C05D3 /* UIColorManager.swift */; };
		65A719EB2BBFE2C7009C05D3 /* ColorManager.swift in Sources */ = {isa = PBXBuildFile; fileRef = 65A719AF2BBFE2C7009C05D3 /* ColorManager.swift */; };
		65A719EC2BBFE2C7009C05D3 /* DeviceName.swift in Sources */ = {isa = PBXBuildFile; fileRef = 65A719B12BBFE2C7009C05D3 /* DeviceName.swift */; };
		65A719ED2BBFE2C7009C05D3 /* NSObject+Helper.swift in Sources */ = {isa = PBXBuildFile; fileRef = 65A719B22BBFE2C7009C05D3 /* NSObject+Helper.swift */; };
		65A719EE2BBFE2C7009C05D3 /* Decodable.swift in Sources */ = {isa = PBXBuildFile; fileRef = 65A719B32BBFE2C7009C05D3 /* Decodable.swift */; };
		65A719EF2BBFE2C7009C05D3 /* Loader.swift in Sources */ = {isa = PBXBuildFile; fileRef = 65A719B42BBFE2C7009C05D3 /* Loader.swift */; };
		65A719F02BBFE2C7009C05D3 /* BaseViewModelProtocol.swift in Sources */ = {isa = PBXBuildFile; fileRef = 65A719B52BBFE2C7009C05D3 /* BaseViewModelProtocol.swift */; };
		65A719F12BBFE2C7009C05D3 /* ProgressHUD.swift in Sources */ = {isa = PBXBuildFile; fileRef = 65A719B62BBFE2C7009C05D3 /* ProgressHUD.swift */; };
		65A719F22BBFE2C7009C05D3 /* StoryboardExtension.swift in Sources */ = {isa = PBXBuildFile; fileRef = 65A719B72BBFE2C7009C05D3 /* StoryboardExtension.swift */; };
		65A719F32BBFE2C7009C05D3 /* clist.json in Resources */ = {isa = PBXBuildFile; fileRef = 65A719BA2BBFE2C7009C05D3 /* clist.json */; };
		65A719F42BBFE2C7009C05D3 /* currencylist.json in Resources */ = {isa = PBXBuildFile; fileRef = 65A719BB2BBFE2C7009C05D3 /* currencylist.json */; };
		65A719FF2BBFE4F1009C05D3 /* Inter-Bold.ttf in Resources */ = {isa = PBXBuildFile; fileRef = 65A719F62BBFE368009C05D3 /* Inter-Bold.ttf */; };
		65A71A002BBFE4F1009C05D3 /* Inter-Light.ttf in Resources */ = {isa = PBXBuildFile; fileRef = 65A719FB2BBFE369009C05D3 /* Inter-Light.ttf */; };
		65A71A012BBFE4F1009C05D3 /* Inter-Medium.ttf in Resources */ = {isa = PBXBuildFile; fileRef = 65A719F92BBFE369009C05D3 /* Inter-Medium.ttf */; };
		65A71A022BBFE4F1009C05D3 /* Inter-Regular.ttf in Resources */ = {isa = PBXBuildFile; fileRef = 65A719F72BBFE369009C05D3 /* Inter-Regular.ttf */; };
		65A71A032BBFE4F1009C05D3 /* Inter-SemiBold.ttf in Resources */ = {isa = PBXBuildFile; fileRef = 65A719FC2BBFE369009C05D3 /* Inter-SemiBold.ttf */; };
		65A71A0E2BBFFD89009C05D3 /* TabbarVC.swift in Sources */ = {isa = PBXBuildFile; fileRef = 65A71A0D2BBFFD89009C05D3 /* TabbarVC.swift */; };
		65A71A152BC0068A009C05D3 /* TabselectTVCell.swift in Sources */ = {isa = PBXBuildFile; fileRef = 65A71A132BC0068A009C05D3 /* TabselectTVCell.swift */; };
		65A71A162BC0068A009C05D3 /* TabselectTVCell.xib in Resources */ = {isa = PBXBuildFile; fileRef = 65A71A142BC0068A009C05D3 /* TabselectTVCell.xib */; };
		65A71A182BC00C6D009C05D3 /* HomeVC.swift in Sources */ = {isa = PBXBuildFile; fileRef = 65A71A172BC00C6D009C05D3 /* HomeVC.swift */; };
		65A71A1C2BC0100E009C05D3 /* BestFlightTVCell.swift in Sources */ = {isa = PBXBuildFile; fileRef = 65A71A1A2BC0100E009C05D3 /* BestFlightTVCell.swift */; };
		65A71A1D2BC0100E009C05D3 /* BestFlightTVCell.xib in Resources */ = {isa = PBXBuildFile; fileRef = 65A71A1B2BC0100E009C05D3 /* BestFlightTVCell.xib */; };
		65A965C42BC14420000E0487 /* BestFlightCVCell.swift in Sources */ = {isa = PBXBuildFile; fileRef = 65A965C22BC14420000E0487 /* BestFlightCVCell.swift */; };
		65A965C52BC14420000E0487 /* BestFlightCVCell.xib in Resources */ = {isa = PBXBuildFile; fileRef = 65A965C32BC14420000E0487 /* BestFlightCVCell.xib */; };
		65A965C92BC1595F000E0487 /* TopDestinationsTVCell.swift in Sources */ = {isa = PBXBuildFile; fileRef = 65A965C72BC1595F000E0487 /* TopDestinationsTVCell.swift */; };
		65A965CA2BC1595F000E0487 /* TopDestinationsTVCell.xib in Resources */ = {isa = PBXBuildFile; fileRef = 65A965C82BC1595F000E0487 /* TopDestinationsTVCell.xib */; };
		65A965D22BC16150000E0487 /* MenuVC.swift in Sources */ = {isa = PBXBuildFile; fileRef = 65A965D12BC16150000E0487 /* MenuVC.swift */; };
		65A965D42BC1616A000E0487 /* Menu.storyboard in Resources */ = {isa = PBXBuildFile; fileRef = 65A965D32BC1616A000E0487 /* Menu.storyboard */; };
		65A965DA2BC16692000E0487 /* MenuBGTVCell.swift in Sources */ = {isa = PBXBuildFile; fileRef = 65A965D82BC16692000E0487 /* MenuBGTVCell.swift */; };
		65A965DB2BC16692000E0487 /* MenuBGTVCell.xib in Resources */ = {isa = PBXBuildFile; fileRef = 65A965D92BC16692000E0487 /* MenuBGTVCell.xib */; };
		65A965DF2BC17BE6000E0487 /* MenuTitleTVCell.swift in Sources */ = {isa = PBXBuildFile; fileRef = 65A965DD2BC17BE6000E0487 /* MenuTitleTVCell.swift */; };
		65A965E02BC17BE6000E0487 /* MenuTitleTVCell.xib in Resources */ = {isa = PBXBuildFile; fileRef = 65A965DE2BC17BE6000E0487 /* MenuTitleTVCell.xib */; };
		65A965E42BC18087000E0487 /* EmptyTVCell.swift in Sources */ = {isa = PBXBuildFile; fileRef = 65A965E22BC18087000E0487 /* EmptyTVCell.swift */; };
		65A965E52BC18087000E0487 /* EmptyTVCell.xib in Resources */ = {isa = PBXBuildFile; fileRef = 65A965E32BC18087000E0487 /* EmptyTVCell.xib */; };
		65E550802BC8F90C00C9864D /* NoteTVCell.swift in Sources */ = {isa = PBXBuildFile; fileRef = 65E5507E2BC8F90C00C9864D /* NoteTVCell.swift */; };
		65E550812BC8F90C00C9864D /* NoteTVCell.xib in Resources */ = {isa = PBXBuildFile; fileRef = 65E5507F2BC8F90C00C9864D /* NoteTVCell.xib */; };
		8BEB4D35259C93D87C78CFE3 /* Pods_SafariyatiTests.framework in Frameworks */ = {isa = PBXBuildFile; fileRef = 91C8F04407717B070F2F8692 /* Pods_SafariyatiTests.framework */; };
		F1B3A614991CD327FBBCE6E4 /* Pods_Safariyati_SafariyatiUITests.framework in Frameworks */ = {isa = PBXBuildFile; fileRef = E8E8CA32E91485BC30034A10 /* Pods_Safariyati_SafariyatiUITests.framework */; };
/* End PBXBuildFile section */

/* Begin PBXContainerItemProxy section */
		65A719582BBFE02F009C05D3 /* PBXContainerItemProxy */ = {
			isa = PBXContainerItemProxy;
			containerPortal = 65A719392BBFE02C009C05D3 /* Project object */;
			proxyType = 1;
			remoteGlobalIDString = 65A719402BBFE02D009C05D3;
			remoteInfo = Safariyati;
		};
		65A719622BBFE02F009C05D3 /* PBXContainerItemProxy */ = {
			isa = PBXContainerItemProxy;
			containerPortal = 65A719392BBFE02C009C05D3 /* Project object */;
			proxyType = 1;
			remoteGlobalIDString = 65A719402BBFE02D009C05D3;
			remoteInfo = Safariyati;
		};
/* End PBXContainerItemProxy section */

/* Begin PBXFileReference section */
		45013A5EAFB587D885235FA8 /* Pods-SafariyatiTests.release.xcconfig */ = {isa = PBXFileReference; includeInIndex = 1; lastKnownFileType = text.xcconfig; name = "Pods-SafariyatiTests.release.xcconfig"; path = "Target Support Files/Pods-SafariyatiTests/Pods-SafariyatiTests.release.xcconfig"; sourceTree = "<group>"; };
		651B58E22BC7944C00132165 /* AddFlightltineraryTVCell.swift */ = {isa = PBXFileReference; lastKnownFileType = sourcecode.swift; path = AddFlightltineraryTVCell.swift; sourceTree = "<group>"; };
		651B58E32BC7944C00132165 /* AddFlightltineraryTVCell.xib */ = {isa = PBXFileReference; lastKnownFileType = file.xib; path = AddFlightltineraryTVCell.xib; sourceTree = "<group>"; };
		651B58E72BC794EA00132165 /* AddFlightltineraryInfoTVCell.swift */ = {isa = PBXFileReference; lastKnownFileType = sourcecode.swift; path = AddFlightltineraryInfoTVCell.swift; sourceTree = "<group>"; };
		651B58E82BC794EA00132165 /* AddFlightltineraryInfoTVCell.xib */ = {isa = PBXFileReference; lastKnownFileType = file.xib; path = AddFlightltineraryInfoTVCell.xib; sourceTree = "<group>"; };
		651B58EC2BC79FD200132165 /* BaggageTVCell.swift */ = {isa = PBXFileReference; lastKnownFileType = sourcecode.swift; path = BaggageTVCell.swift; sourceTree = "<group>"; };
		651B58ED2BC79FD200132165 /* BaggageTVCell.xib */ = {isa = PBXFileReference; lastKnownFileType = file.xib; path = BaggageTVCell.xib; sourceTree = "<group>"; };
		651B58F12BC7A68100132165 /* ExchangeOrRefundTVCell.swift */ = {isa = PBXFileReference; lastKnownFileType = sourcecode.swift; path = ExchangeOrRefundTVCell.swift; sourceTree = "<group>"; };
		651B58F22BC7A68100132165 /* ExchangeOrRefundTVCell.xib */ = {isa = PBXFileReference; lastKnownFileType = file.xib; path = ExchangeOrRefundTVCell.xib; sourceTree = "<group>"; };
		651B58F52BC7AAB400132165 /* ModifySearchVC.swift */ = {isa = PBXFileReference; lastKnownFileType = sourcecode.swift; path = ModifySearchVC.swift; sourceTree = "<group>"; };
		651B58FA2BC7BBA000132165 /* SelectFareTVCell.swift */ = {isa = PBXFileReference; lastKnownFileType = sourcecode.swift; path = SelectFareTVCell.swift; sourceTree = "<group>"; };
		651B58FB2BC7BBA000132165 /* SelectFareTVCell.xib */ = {isa = PBXFileReference; lastKnownFileType = file.xib; path = SelectFareTVCell.xib; sourceTree = "<group>"; };
		651B58FF2BC7BDBA00132165 /* AddFareInfoTVCell.swift */ = {isa = PBXFileReference; lastKnownFileType = sourcecode.swift; path = AddFareInfoTVCell.swift; sourceTree = "<group>"; };
		651B59002BC7BDBA00132165 /* AddFareInfoTVCell.xib */ = {isa = PBXFileReference; lastKnownFileType = file.xib; path = AddFareInfoTVCell.xib; sourceTree = "<group>"; };
		651B59052BC7EAE700132165 /* SelectCurrencyVC.swift */ = {isa = PBXFileReference; lastKnownFileType = sourcecode.swift; path = SelectCurrencyVC.swift; sourceTree = "<group>"; };
		651B590A2BC7EC8100132165 /* BDFlightDetailsTVCell.swift */ = {isa = PBXFileReference; lastKnownFileType = sourcecode.swift; path = BDFlightDetailsTVCell.swift; sourceTree = "<group>"; };
		651B590B2BC7EC8100132165 /* BDFlightDetailsTVCell.xib */ = {isa = PBXFileReference; lastKnownFileType = file.xib; path = BDFlightDetailsTVCell.xib; sourceTree = "<group>"; };
		651B590F2BC7EFDE00132165 /* GuestRegistrationTVCell.swift */ = {isa = PBXFileReference; lastKnownFileType = sourcecode.swift; path = GuestRegistrationTVCell.swift; sourceTree = "<group>"; };
		651B59102BC7EFDE00132165 /* GuestRegistrationTVCell.xib */ = {isa = PBXFileReference; lastKnownFileType = file.xib; path = GuestRegistrationTVCell.xib; sourceTree = "<group>"; };
		653378242BC646CE00E8B940 /* SelectTravellerTVCell.swift */ = {isa = PBXFileReference; lastKnownFileType = sourcecode.swift; path = SelectTravellerTVCell.swift; sourceTree = "<group>"; };
		653378252BC646CE00E8B940 /* SelectTravellerTVCell.xib */ = {isa = PBXFileReference; lastKnownFileType = file.xib; path = SelectTravellerTVCell.xib; sourceTree = "<group>"; };
		653378282BC6513D00E8B940 /* AddTravellerVC.swift */ = {isa = PBXFileReference; lastKnownFileType = sourcecode.swift; path = AddTravellerVC.swift; sourceTree = "<group>"; };
		6533782B2BC6885400E8B940 /* CabinClassCVCell.swift */ = {isa = PBXFileReference; lastKnownFileType = sourcecode.swift; path = CabinClassCVCell.swift; sourceTree = "<group>"; };
		6533782C2BC6885400E8B940 /* CabinClassCVCell.xib */ = {isa = PBXFileReference; lastKnownFileType = file.xib; path = CabinClassCVCell.xib; sourceTree = "<group>"; };
		653378302BC688FB00E8B940 /* CabinClassTVCell.swift */ = {isa = PBXFileReference; lastKnownFileType = sourcecode.swift; path = CabinClassTVCell.swift; sourceTree = "<group>"; };
		653378312BC688FB00E8B940 /* CabinClassTVCell.xib */ = {isa = PBXFileReference; lastKnownFileType = file.xib; path = CabinClassTVCell.xib; sourceTree = "<group>"; };
		653378342BC6940300E8B940 /* SearchResultVC.swift */ = {isa = PBXFileReference; lastKnownFileType = sourcecode.swift; path = SearchResultVC.swift; sourceTree = "<group>"; };
		653378382BC6946C00E8B940 /* AddFlightInfoTVCell.swift */ = {isa = PBXFileReference; lastKnownFileType = sourcecode.swift; path = AddFlightInfoTVCell.swift; sourceTree = "<group>"; };
		653378392BC6946C00E8B940 /* AddFlightInfoTVCell.xib */ = {isa = PBXFileReference; lastKnownFileType = file.xib; path = AddFlightInfoTVCell.xib; sourceTree = "<group>"; };
		6533783D2BC69A0500E8B940 /* SearchResultTVCell.swift */ = {isa = PBXFileReference; lastKnownFileType = sourcecode.swift; path = SearchResultTVCell.swift; sourceTree = "<group>"; };
		6533783E2BC69A0500E8B940 /* SearchResultTVCell.xib */ = {isa = PBXFileReference; lastKnownFileType = file.xib; path = SearchResultTVCell.xib; sourceTree = "<group>"; };
		653378412BC6AE3B00E8B940 /* FlightDetailsVC.swift */ = {isa = PBXFileReference; lastKnownFileType = sourcecode.swift; path = FlightDetailsVC.swift; sourceTree = "<group>"; };
		653378432BC6C1AD00E8B940 /* SelectFareVC.swift */ = {isa = PBXFileReference; lastKnownFileType = sourcecode.swift; path = SelectFareVC.swift; sourceTree = "<group>"; };
		653378452BC6C1BD00E8B940 /* BookingDetailsVC.swift */ = {isa = PBXFileReference; lastKnownFileType = sourcecode.swift; path = BookingDetailsVC.swift; sourceTree = "<group>"; };
		65562BF22BC501FF00E7883F /* MoreVC.swift */ = {isa = PBXFileReference; lastKnownFileType = sourcecode.swift; path = MoreVC.swift; sourceTree = "<group>"; };
		65562BF42BC506EA00E7883F /* MoreDetailsVC.swift */ = {isa = PBXFileReference; lastKnownFileType = sourcecode.swift; path = MoreDetailsVC.swift; sourceTree = "<group>"; };
		65562BF62BC5417000E7883F /* SelectCityVC.swift */ = {isa = PBXFileReference; lastKnownFileType = sourcecode.swift; path = SelectCityVC.swift; sourceTree = "<group>"; };
		65562BF92BC5438700E7883F /* CityInfoTVCell.swift */ = {isa = PBXFileReference; lastKnownFileType = sourcecode.swift; path = CityInfoTVCell.swift; sourceTree = "<group>"; };
		65562BFA2BC5438700E7883F /* CityInfoTVCell.xib */ = {isa = PBXFileReference; lastKnownFileType = file.xib; path = CityInfoTVCell.xib; sourceTree = "<group>"; };
		657684BE2BC815DB00F0FF80 /* TermsAndPrivacyCheckBoxTVCell.swift */ = {isa = PBXFileReference; lastKnownFileType = sourcecode.swift; path = TermsAndPrivacyCheckBoxTVCell.swift; sourceTree = "<group>"; };
		657684BF2BC815DB00F0FF80 /* TermsAndPrivacyCheckBoxTVCell.xib */ = {isa = PBXFileReference; lastKnownFileType = file.xib; path = TermsAndPrivacyCheckBoxTVCell.xib; sourceTree = "<group>"; };
		65A0A9B82BC3D24500919446 /* SearchFlightsVC.swift */ = {isa = PBXFileReference; lastKnownFileType = sourcecode.swift; path = SearchFlightsVC.swift; sourceTree = "<group>"; };
		65A0A9BB2BC3D26600919446 /* Flights.storyboard */ = {isa = PBXFileReference; lastKnownFileType = file.storyboard; path = Flights.storyboard; sourceTree = "<group>"; };
		65A0A9C32BC40F0E00919446 /* SearchFlightsTVCell.swift */ = {isa = PBXFileReference; lastKnownFileType = sourcecode.swift; path = SearchFlightsTVCell.swift; sourceTree = "<group>"; };
		65A0A9C42BC40F0E00919446 /* SearchFlightsTVCell.xib */ = {isa = PBXFileReference; lastKnownFileType = file.xib; path = SearchFlightsTVCell.xib; sourceTree = "<group>"; };
		65A719412BBFE02D009C05D3 /* Safariyati.app */ = {isa = PBXFileReference; explicitFileType = wrapper.application; includeInIndex = 0; path = Safariyati.app; sourceTree = BUILT_PRODUCTS_DIR; };
		65A719442BBFE02D009C05D3 /* AppDelegate.swift */ = {isa = PBXFileReference; lastKnownFileType = sourcecode.swift; path = AppDelegate.swift; sourceTree = "<group>"; };
		65A719462BBFE02D009C05D3 /* SceneDelegate.swift */ = {isa = PBXFileReference; lastKnownFileType = sourcecode.swift; path = SceneDelegate.swift; sourceTree = "<group>"; };
		65A719482BBFE02D009C05D3 /* ViewController.swift */ = {isa = PBXFileReference; lastKnownFileType = sourcecode.swift; path = ViewController.swift; sourceTree = "<group>"; };
		65A7194B2BBFE02D009C05D3 /* Base */ = {isa = PBXFileReference; lastKnownFileType = file.storyboard; name = Base; path = Base.lproj/Main.storyboard; sourceTree = "<group>"; };
		65A7194D2BBFE02F009C05D3 /* Assets.xcassets */ = {isa = PBXFileReference; lastKnownFileType = folder.assetcatalog; path = Assets.xcassets; sourceTree = "<group>"; };
		65A719502BBFE02F009C05D3 /* Base */ = {isa = PBXFileReference; lastKnownFileType = file.storyboard; name = Base; path = Base.lproj/LaunchScreen.storyboard; sourceTree = "<group>"; };
		65A719522BBFE02F009C05D3 /* Info.plist */ = {isa = PBXFileReference; lastKnownFileType = text.plist.xml; path = Info.plist; sourceTree = "<group>"; };
		65A719572BBFE02F009C05D3 /* SafariyatiTests.xctest */ = {isa = PBXFileReference; explicitFileType = wrapper.cfbundle; includeInIndex = 0; path = SafariyatiTests.xctest; sourceTree = BUILT_PRODUCTS_DIR; };
		65A7195B2BBFE02F009C05D3 /* SafariyatiTests.swift */ = {isa = PBXFileReference; lastKnownFileType = sourcecode.swift; path = SafariyatiTests.swift; sourceTree = "<group>"; };
		65A719612BBFE02F009C05D3 /* SafariyatiUITests.xctest */ = {isa = PBXFileReference; explicitFileType = wrapper.cfbundle; includeInIndex = 0; path = SafariyatiUITests.xctest; sourceTree = BUILT_PRODUCTS_DIR; };
		65A719652BBFE02F009C05D3 /* SafariyatiUITests.swift */ = {isa = PBXFileReference; lastKnownFileType = sourcecode.swift; path = SafariyatiUITests.swift; sourceTree = "<group>"; };
		65A719672BBFE02F009C05D3 /* SafariyatiUITestsLaunchTests.swift */ = {isa = PBXFileReference; lastKnownFileType = sourcecode.swift; path = SafariyatiUITestsLaunchTests.swift; sourceTree = "<group>"; };
		65A719772BBFE2C7009C05D3 /* BaseVC.swift */ = {isa = PBXFileReference; fileEncoding = 4; lastKnownFileType = sourcecode.swift; path = BaseVC.swift; sourceTree = "<group>"; };
		65A719782BBFE2C7009C05D3 /* TableViewCell.swift */ = {isa = PBXFileReference; fileEncoding = 4; lastKnownFileType = sourcecode.swift; path = TableViewCell.swift; sourceTree = "<group>"; };
		65A719792BBFE2C7009C05D3 /* BaseTableVC.swift */ = {isa = PBXFileReference; fileEncoding = 4; lastKnownFileType = sourcecode.swift; path = BaseTableVC.swift; sourceTree = "<group>"; };
		65A7197A2BBFE2C7009C05D3 /* UIModels.swift */ = {isa = PBXFileReference; fileEncoding = 4; lastKnownFileType = sourcecode.swift; path = UIModels.swift; sourceTree = "<group>"; };
		65A7197D2BBFE2C7009C05D3 /* Constants.swift */ = {isa = PBXFileReference; fileEncoding = 4; lastKnownFileType = sourcecode.swift; path = Constants.swift; sourceTree = "<group>"; };
		65A7197E2BBFE2C7009C05D3 /* loder.gif */ = {isa = PBXFileReference; lastKnownFileType = image.gif; path = loder.gif; sourceTree = "<group>"; };
		65A7197F2BBFE2C7009C05D3 /* sucessful.gif */ = {isa = PBXFileReference; lastKnownFileType = image.gif; path = sucessful.gif; sourceTree = "<group>"; };
		65A719802BBFE2C7009C05D3 /* SessionManager.swift */ = {isa = PBXFileReference; fileEncoding = 4; lastKnownFileType = sourcecode.swift; path = SessionManager.swift; sourceTree = "<group>"; };
		65A719832BBFE2C7009C05D3 /* ServiceManager.swift */ = {isa = PBXFileReference; fileEncoding = 4; lastKnownFileType = sourcecode.swift; path = ServiceManager.swift; sourceTree = "<group>"; };
		65A719842BBFE2C7009C05D3 /* BorderView.swift */ = {isa = PBXFileReference; fileEncoding = 4; lastKnownFileType = sourcecode.swift; path = BorderView.swift; sourceTree = "<group>"; };
		65A719862BBFE2C7009C05D3 /* TableViewHelper.swift */ = {isa = PBXFileReference; fileEncoding = 4; lastKnownFileType = sourcecode.swift; path = TableViewHelper.swift; sourceTree = "<group>"; };
		65A719872BBFE2C7009C05D3 /* UIViewControllerExtension.swift */ = {isa = PBXFileReference; fileEncoding = 4; lastKnownFileType = sourcecode.swift; path = UIViewControllerExtension.swift; sourceTree = "<group>"; };
		65A719882BBFE2C7009C05D3 /* ButtonExtension.swift */ = {isa = PBXFileReference; fileEncoding = 4; lastKnownFileType = sourcecode.swift; path = ButtonExtension.swift; sourceTree = "<group>"; };
		65A719892BBFE2C7009C05D3 /* UIKitHelper.swift */ = {isa = PBXFileReference; fileEncoding = 4; lastKnownFileType = sourcecode.swift; path = UIKitHelper.swift; sourceTree = "<group>"; };
		65A7198A2BBFE2C7009C05D3 /* TableViewExtensions.swift */ = {isa = PBXFileReference; fileEncoding = 4; lastKnownFileType = sourcecode.swift; path = TableViewExtensions.swift; sourceTree = "<group>"; };
		65A7198B2BBFE2C7009C05D3 /* StringExtension.swift */ = {isa = PBXFileReference; fileEncoding = 4; lastKnownFileType = sourcecode.swift; path = StringExtension.swift; sourceTree = "<group>"; };
		65A7198C2BBFE2C7009C05D3 /* TextFieldExtension.swift */ = {isa = PBXFileReference; fileEncoding = 4; lastKnownFileType = sourcecode.swift; path = TextFieldExtension.swift; sourceTree = "<group>"; };
		65A7198D2BBFE2C7009C05D3 /* DateExtension.swift */ = {isa = PBXFileReference; fileEncoding = 4; lastKnownFileType = sourcecode.swift; path = DateExtension.swift; sourceTree = "<group>"; };
		65A7198E2BBFE2C7009C05D3 /* UITapGestureRecognizer.swift */ = {isa = PBXFileReference; fileEncoding = 4; lastKnownFileType = sourcecode.swift; path = UITapGestureRecognizer.swift; sourceTree = "<group>"; };
		65A719902BBFE2C7009C05D3 /* FontManager.swift */ = {isa = PBXFileReference; fileEncoding = 4; lastKnownFileType = sourcecode.swift; path = FontManager.swift; sourceTree = "<group>"; };
		65A719962BBFE2C7009C05D3 /* UIColorManager.swift */ = {isa = PBXFileReference; fileEncoding = 4; lastKnownFileType = sourcecode.swift; path = UIColorManager.swift; sourceTree = "<group>"; };
		65A719AF2BBFE2C7009C05D3 /* ColorManager.swift */ = {isa = PBXFileReference; fileEncoding = 4; lastKnownFileType = sourcecode.swift; path = ColorManager.swift; sourceTree = "<group>"; };
		65A719B12BBFE2C7009C05D3 /* DeviceName.swift */ = {isa = PBXFileReference; fileEncoding = 4; lastKnownFileType = sourcecode.swift; path = DeviceName.swift; sourceTree = "<group>"; };
		65A719B22BBFE2C7009C05D3 /* NSObject+Helper.swift */ = {isa = PBXFileReference; fileEncoding = 4; lastKnownFileType = sourcecode.swift; path = "NSObject+Helper.swift"; sourceTree = "<group>"; };
		65A719B32BBFE2C7009C05D3 /* Decodable.swift */ = {isa = PBXFileReference; fileEncoding = 4; lastKnownFileType = sourcecode.swift; path = Decodable.swift; sourceTree = "<group>"; };
		65A719B42BBFE2C7009C05D3 /* Loader.swift */ = {isa = PBXFileReference; fileEncoding = 4; lastKnownFileType = sourcecode.swift; path = Loader.swift; sourceTree = "<group>"; };
		65A719B52BBFE2C7009C05D3 /* BaseViewModelProtocol.swift */ = {isa = PBXFileReference; fileEncoding = 4; lastKnownFileType = sourcecode.swift; path = BaseViewModelProtocol.swift; sourceTree = "<group>"; };
		65A719B62BBFE2C7009C05D3 /* ProgressHUD.swift */ = {isa = PBXFileReference; fileEncoding = 4; lastKnownFileType = sourcecode.swift; path = ProgressHUD.swift; sourceTree = "<group>"; };
		65A719B72BBFE2C7009C05D3 /* StoryboardExtension.swift */ = {isa = PBXFileReference; fileEncoding = 4; lastKnownFileType = sourcecode.swift; path = StoryboardExtension.swift; sourceTree = "<group>"; };
		65A719BA2BBFE2C7009C05D3 /* clist.json */ = {isa = PBXFileReference; fileEncoding = 4; lastKnownFileType = text.json; path = clist.json; sourceTree = "<group>"; };
		65A719BB2BBFE2C7009C05D3 /* currencylist.json */ = {isa = PBXFileReference; fileEncoding = 4; lastKnownFileType = text.json; path = currencylist.json; sourceTree = "<group>"; };
		65A719F62BBFE368009C05D3 /* Inter-Bold.ttf */ = {isa = PBXFileReference; lastKnownFileType = file; path = "Inter-Bold.ttf"; sourceTree = "<group>"; };
		65A719F72BBFE369009C05D3 /* Inter-Regular.ttf */ = {isa = PBXFileReference; lastKnownFileType = file; path = "Inter-Regular.ttf"; sourceTree = "<group>"; };
		65A719F92BBFE369009C05D3 /* Inter-Medium.ttf */ = {isa = PBXFileReference; lastKnownFileType = file; path = "Inter-Medium.ttf"; sourceTree = "<group>"; };
		65A719FB2BBFE369009C05D3 /* Inter-Light.ttf */ = {isa = PBXFileReference; lastKnownFileType = file; path = "Inter-Light.ttf"; sourceTree = "<group>"; };
		65A719FC2BBFE369009C05D3 /* Inter-SemiBold.ttf */ = {isa = PBXFileReference; lastKnownFileType = file; path = "Inter-SemiBold.ttf"; sourceTree = "<group>"; };
		65A71A0D2BBFFD89009C05D3 /* TabbarVC.swift */ = {isa = PBXFileReference; lastKnownFileType = sourcecode.swift; path = TabbarVC.swift; sourceTree = "<group>"; };
		65A71A132BC0068A009C05D3 /* TabselectTVCell.swift */ = {isa = PBXFileReference; lastKnownFileType = sourcecode.swift; path = TabselectTVCell.swift; sourceTree = "<group>"; };
		65A71A142BC0068A009C05D3 /* TabselectTVCell.xib */ = {isa = PBXFileReference; lastKnownFileType = file.xib; path = TabselectTVCell.xib; sourceTree = "<group>"; };
		65A71A172BC00C6D009C05D3 /* HomeVC.swift */ = {isa = PBXFileReference; lastKnownFileType = sourcecode.swift; path = HomeVC.swift; sourceTree = "<group>"; };
		65A71A1A2BC0100E009C05D3 /* BestFlightTVCell.swift */ = {isa = PBXFileReference; lastKnownFileType = sourcecode.swift; path = BestFlightTVCell.swift; sourceTree = "<group>"; };
		65A71A1B2BC0100E009C05D3 /* BestFlightTVCell.xib */ = {isa = PBXFileReference; lastKnownFileType = file.xib; path = BestFlightTVCell.xib; sourceTree = "<group>"; };
		65A965C22BC14420000E0487 /* BestFlightCVCell.swift */ = {isa = PBXFileReference; lastKnownFileType = sourcecode.swift; path = BestFlightCVCell.swift; sourceTree = "<group>"; };
		65A965C32BC14420000E0487 /* BestFlightCVCell.xib */ = {isa = PBXFileReference; lastKnownFileType = file.xib; path = BestFlightCVCell.xib; sourceTree = "<group>"; };
		65A965C72BC1595F000E0487 /* TopDestinationsTVCell.swift */ = {isa = PBXFileReference; lastKnownFileType = sourcecode.swift; path = TopDestinationsTVCell.swift; sourceTree = "<group>"; };
		65A965C82BC1595F000E0487 /* TopDestinationsTVCell.xib */ = {isa = PBXFileReference; lastKnownFileType = file.xib; path = TopDestinationsTVCell.xib; sourceTree = "<group>"; };
		65A965D12BC16150000E0487 /* MenuVC.swift */ = {isa = PBXFileReference; lastKnownFileType = sourcecode.swift; path = MenuVC.swift; sourceTree = "<group>"; };
		65A965D32BC1616A000E0487 /* Menu.storyboard */ = {isa = PBXFileReference; lastKnownFileType = file.storyboard; path = Menu.storyboard; sourceTree = "<group>"; };
		65A965D82BC16692000E0487 /* MenuBGTVCell.swift */ = {isa = PBXFileReference; lastKnownFileType = sourcecode.swift; path = MenuBGTVCell.swift; sourceTree = "<group>"; };
		65A965D92BC16692000E0487 /* MenuBGTVCell.xib */ = {isa = PBXFileReference; lastKnownFileType = file.xib; path = MenuBGTVCell.xib; sourceTree = "<group>"; };
		65A965DD2BC17BE6000E0487 /* MenuTitleTVCell.swift */ = {isa = PBXFileReference; lastKnownFileType = sourcecode.swift; path = MenuTitleTVCell.swift; sourceTree = "<group>"; };
		65A965DE2BC17BE6000E0487 /* MenuTitleTVCell.xib */ = {isa = PBXFileReference; lastKnownFileType = file.xib; path = MenuTitleTVCell.xib; sourceTree = "<group>"; };
		65A965E22BC18087000E0487 /* EmptyTVCell.swift */ = {isa = PBXFileReference; lastKnownFileType = sourcecode.swift; path = EmptyTVCell.swift; sourceTree = "<group>"; };
		65A965E32BC18087000E0487 /* EmptyTVCell.xib */ = {isa = PBXFileReference; lastKnownFileType = file.xib; path = EmptyTVCell.xib; sourceTree = "<group>"; };
		65E5507E2BC8F90C00C9864D /* NoteTVCell.swift */ = {isa = PBXFileReference; lastKnownFileType = sourcecode.swift; path = NoteTVCell.swift; sourceTree = "<group>"; };
		65E5507F2BC8F90C00C9864D /* NoteTVCell.xib */ = {isa = PBXFileReference; lastKnownFileType = file.xib; path = NoteTVCell.xib; sourceTree = "<group>"; };
		7855170A7BBFE9727910E08F /* Pods-Safariyati-SafariyatiUITests.debug.xcconfig */ = {isa = PBXFileReference; includeInIndex = 1; lastKnownFileType = text.xcconfig; name = "Pods-Safariyati-SafariyatiUITests.debug.xcconfig"; path = "Target Support Files/Pods-Safariyati-SafariyatiUITests/Pods-Safariyati-SafariyatiUITests.debug.xcconfig"; sourceTree = "<group>"; };
		7997A873247B3F031C6DFCEA /* Pods-Safariyati.release.xcconfig */ = {isa = PBXFileReference; includeInIndex = 1; lastKnownFileType = text.xcconfig; name = "Pods-Safariyati.release.xcconfig"; path = "Target Support Files/Pods-Safariyati/Pods-Safariyati.release.xcconfig"; sourceTree = "<group>"; };
		89188CCEA5E5A656BE4E9718 /* Pods-SafariyatiTests.debug.xcconfig */ = {isa = PBXFileReference; includeInIndex = 1; lastKnownFileType = text.xcconfig; name = "Pods-SafariyatiTests.debug.xcconfig"; path = "Target Support Files/Pods-SafariyatiTests/Pods-SafariyatiTests.debug.xcconfig"; sourceTree = "<group>"; };
		90CE53CEA5C6EDC6EF9D0DE0 /* Pods_Safariyati.framework */ = {isa = PBXFileReference; explicitFileType = wrapper.framework; includeInIndex = 0; path = Pods_Safariyati.framework; sourceTree = BUILT_PRODUCTS_DIR; };
		91C8F04407717B070F2F8692 /* Pods_SafariyatiTests.framework */ = {isa = PBXFileReference; explicitFileType = wrapper.framework; includeInIndex = 0; path = Pods_SafariyatiTests.framework; sourceTree = BUILT_PRODUCTS_DIR; };
		9D70478020864654056E15C6 /* Pods-Safariyati.debug.xcconfig */ = {isa = PBXFileReference; includeInIndex = 1; lastKnownFileType = text.xcconfig; name = "Pods-Safariyati.debug.xcconfig"; path = "Target Support Files/Pods-Safariyati/Pods-Safariyati.debug.xcconfig"; sourceTree = "<group>"; };
		B0846B8239CC60CEC0FB510F /* Pods-Safariyati-SafariyatiUITests.release.xcconfig */ = {isa = PBXFileReference; includeInIndex = 1; lastKnownFileType = text.xcconfig; name = "Pods-Safariyati-SafariyatiUITests.release.xcconfig"; path = "Target Support Files/Pods-Safariyati-SafariyatiUITests/Pods-Safariyati-SafariyatiUITests.release.xcconfig"; sourceTree = "<group>"; };
		E8E8CA32E91485BC30034A10 /* Pods_Safariyati_SafariyatiUITests.framework */ = {isa = PBXFileReference; explicitFileType = wrapper.framework; includeInIndex = 0; path = Pods_Safariyati_SafariyatiUITests.framework; sourceTree = BUILT_PRODUCTS_DIR; };
/* End PBXFileReference section */

/* Begin PBXFrameworksBuildPhase section */
		65A7193E2BBFE02D009C05D3 /* Frameworks */ = {
			isa = PBXFrameworksBuildPhase;
			buildActionMask = 2147483647;
			files = (
				03AFDE386740AC9968A59381 /* Pods_Safariyati.framework in Frameworks */,
			);
			runOnlyForDeploymentPostprocessing = 0;
		};
		65A719542BBFE02F009C05D3 /* Frameworks */ = {
			isa = PBXFrameworksBuildPhase;
			buildActionMask = 2147483647;
			files = (
				8BEB4D35259C93D87C78CFE3 /* Pods_SafariyatiTests.framework in Frameworks */,
			);
			runOnlyForDeploymentPostprocessing = 0;
		};
		65A7195E2BBFE02F009C05D3 /* Frameworks */ = {
			isa = PBXFrameworksBuildPhase;
			buildActionMask = 2147483647;
			files = (
				F1B3A614991CD327FBBCE6E4 /* Pods_Safariyati_SafariyatiUITests.framework in Frameworks */,
			);
			runOnlyForDeploymentPostprocessing = 0;
		};
/* End PBXFrameworksBuildPhase section */

/* Begin PBXGroup section */
		651B58E02BC7940800132165 /* Flight Details */ = {
			isa = PBXGroup;
			children = (
				65E5507D2BC8F8E300C9864D /* NoteTVCell */,
				651B58FE2BC7BC8A00132165 /* AddFareInfoTVCell */,
				651B58F72BC7BB5C00132165 /* SelectFareTVCell */,
				651B58F02BC7A66700132165 /* ExchangeOrRefundTVCell */,
				651B58EB2BC79FBB00132165 /* BaggageTVCell */,
				651B58E62BC794C900132165 /* AddFlightltineraryInfoTVCell */,
				651B58E12BC7942600132165 /* AddFlightltineraryTVCell */,
			);
			path = "Flight Details";
			sourceTree = "<group>";
		};
		651B58E12BC7942600132165 /* AddFlightltineraryTVCell */ = {
			isa = PBXGroup;
			children = (
				651B58E22BC7944C00132165 /* AddFlightltineraryTVCell.swift */,
				651B58E32BC7944C00132165 /* AddFlightltineraryTVCell.xib */,
			);
			path = AddFlightltineraryTVCell;
			sourceTree = "<group>";
		};
		651B58E62BC794C900132165 /* AddFlightltineraryInfoTVCell */ = {
			isa = PBXGroup;
			children = (
				651B58E72BC794EA00132165 /* AddFlightltineraryInfoTVCell.swift */,
				651B58E82BC794EA00132165 /* AddFlightltineraryInfoTVCell.xib */,
			);
			path = AddFlightltineraryInfoTVCell;
			sourceTree = "<group>";
		};
		651B58EB2BC79FBB00132165 /* BaggageTVCell */ = {
			isa = PBXGroup;
			children = (
				651B58EC2BC79FD200132165 /* BaggageTVCell.swift */,
				651B58ED2BC79FD200132165 /* BaggageTVCell.xib */,
			);
			path = BaggageTVCell;
			sourceTree = "<group>";
		};
		651B58F02BC7A66700132165 /* ExchangeOrRefundTVCell */ = {
			isa = PBXGroup;
			children = (
				651B58F12BC7A68100132165 /* ExchangeOrRefundTVCell.swift */,
				651B58F22BC7A68100132165 /* ExchangeOrRefundTVCell.xib */,
			);
			path = ExchangeOrRefundTVCell;
			sourceTree = "<group>";
		};
		651B58F72BC7BB5C00132165 /* SelectFareTVCell */ = {
			isa = PBXGroup;
			children = (
				651B58FA2BC7BBA000132165 /* SelectFareTVCell.swift */,
				651B58FB2BC7BBA000132165 /* SelectFareTVCell.xib */,
			);
			path = SelectFareTVCell;
			sourceTree = "<group>";
		};
		651B58FE2BC7BC8A00132165 /* AddFareInfoTVCell */ = {
			isa = PBXGroup;
			children = (
				651B58FF2BC7BDBA00132165 /* AddFareInfoTVCell.swift */,
				651B59002BC7BDBA00132165 /* AddFareInfoTVCell.xib */,
			);
			path = AddFareInfoTVCell;
			sourceTree = "<group>";
		};
		651B59072BC7EB3300132165 /* SelectLanguageTVCell */ = {
			isa = PBXGroup;
			children = (
			);
			path = SelectLanguageTVCell;
			sourceTree = "<group>";
		};
		651B59082BC7EC5800132165 /* Booking Details */ = {
			isa = PBXGroup;
			children = (
				657684BD2BC815B800F0FF80 /* TermsAndPrivacyCheckBoxTVCell */,
				657684B82BC814A700F0FF80 /* AddDeatilsOfTravellerTVCell */,
				651B590E2BC7EF7F00132165 /* GuestRegistrationTVCell */,
				651B59092BC7EC6200132165 /* BDFlightDetailsTVCell */,
			);
			path = "Booking Details";
			sourceTree = "<group>";
		};
		651B59092BC7EC6200132165 /* BDFlightDetailsTVCell */ = {
			isa = PBXGroup;
			children = (
				651B590A2BC7EC8100132165 /* BDFlightDetailsTVCell.swift */,
				651B590B2BC7EC8100132165 /* BDFlightDetailsTVCell.xib */,
			);
			path = BDFlightDetailsTVCell;
			sourceTree = "<group>";
		};
		651B590E2BC7EF7F00132165 /* GuestRegistrationTVCell */ = {
			isa = PBXGroup;
			children = (
				651B590F2BC7EFDE00132165 /* GuestRegistrationTVCell.swift */,
				651B59102BC7EFDE00132165 /* GuestRegistrationTVCell.xib */,
			);
			path = GuestRegistrationTVCell;
			sourceTree = "<group>";
		};
		653378232BC6461000E8B940 /* SelectTravellerTVCell */ = {
			isa = PBXGroup;
			children = (
				653378242BC646CE00E8B940 /* SelectTravellerTVCell.swift */,
				653378252BC646CE00E8B940 /* SelectTravellerTVCell.xib */,
			);
			path = SelectTravellerTVCell;
			sourceTree = "<group>";
		};
		6533782A2BC6883500E8B940 /* CabinClassCVCell */ = {
			isa = PBXGroup;
			children = (
				6533782B2BC6885400E8B940 /* CabinClassCVCell.swift */,
				6533782C2BC6885400E8B940 /* CabinClassCVCell.xib */,
			);
			path = CabinClassCVCell;
			sourceTree = "<group>";
		};
		6533782F2BC688DD00E8B940 /* CabinClassTVCell */ = {
			isa = PBXGroup;
			children = (
				653378302BC688FB00E8B940 /* CabinClassTVCell.swift */,
				653378312BC688FB00E8B940 /* CabinClassTVCell.xib */,
			);
			path = CabinClassTVCell;
			sourceTree = "<group>";
		};
		653378362BC6943700E8B940 /* SearchResult */ = {
			isa = PBXGroup;
			children = (
				6533782F2BC688DD00E8B940 /* CabinClassTVCell */,
				653378232BC6461000E8B940 /* SelectTravellerTVCell */,
				65562BF82BC5436C00E7883F /* CityInfoTVCell */,
				65A0A9C22BC40EF700919446 /* SearchFlightsTVCell */,
				6533783C2BC699CC00E8B940 /* SearchResultTVCell */,
				653378372BC6944100E8B940 /* AddFlightInfoTVCell */,
			);
			path = SearchResult;
			sourceTree = "<group>";
		};
		653378372BC6944100E8B940 /* AddFlightInfoTVCell */ = {
			isa = PBXGroup;
			children = (
				653378382BC6946C00E8B940 /* AddFlightInfoTVCell.swift */,
				653378392BC6946C00E8B940 /* AddFlightInfoTVCell.xib */,
			);
			path = AddFlightInfoTVCell;
			sourceTree = "<group>";
		};
		6533783C2BC699CC00E8B940 /* SearchResultTVCell */ = {
			isa = PBXGroup;
			children = (
				6533783D2BC69A0500E8B940 /* SearchResultTVCell.swift */,
				6533783E2BC69A0500E8B940 /* SearchResultTVCell.xib */,
			);
			path = SearchResultTVCell;
			sourceTree = "<group>";
		};
		65562BF82BC5436C00E7883F /* CityInfoTVCell */ = {
			isa = PBXGroup;
			children = (
				65562BF92BC5438700E7883F /* CityInfoTVCell.swift */,
				65562BFA2BC5438700E7883F /* CityInfoTVCell.xib */,
			);
			path = CityInfoTVCell;
			sourceTree = "<group>";
		};
		657684B82BC814A700F0FF80 /* AddDeatilsOfTravellerTVCell */ = {
			isa = PBXGroup;
			children = (
			);
			path = AddDeatilsOfTravellerTVCell;
			sourceTree = "<group>";
		};
		657684BD2BC815B800F0FF80 /* TermsAndPrivacyCheckBoxTVCell */ = {
			isa = PBXGroup;
			children = (
				657684BE2BC815DB00F0FF80 /* TermsAndPrivacyCheckBoxTVCell.swift */,
				657684BF2BC815DB00F0FF80 /* TermsAndPrivacyCheckBoxTVCell.xib */,
			);
			path = TermsAndPrivacyCheckBoxTVCell;
			sourceTree = "<group>";
		};
		65A0A9B12BC3D1ED00919446 /* Flight */ = {
			isa = PBXGroup;
			children = (
				65A0A9BA2BC3D25200919446 /* SB */,
				65A0A9B72BC3D22A00919446 /* Models */,
				65A0A9B62BC3D22300919446 /* ViewModels */,
				65A0A9B32BC3D20800919446 /* Views */,
				65A0A9B22BC3D1F600919446 /* VC */,
			);
			path = Flight;
			sourceTree = "<group>";
		};
		65A0A9B22BC3D1F600919446 /* VC */ = {
			isa = PBXGroup;
			children = (
				65A0A9B82BC3D24500919446 /* SearchFlightsVC.swift */,
				651B58F52BC7AAB400132165 /* ModifySearchVC.swift */,
				65562BF62BC5417000E7883F /* SelectCityVC.swift */,
				653378282BC6513D00E8B940 /* AddTravellerVC.swift */,
				653378342BC6940300E8B940 /* SearchResultVC.swift */,
				653378412BC6AE3B00E8B940 /* FlightDetailsVC.swift */,
				653378432BC6C1AD00E8B940 /* SelectFareVC.swift */,
				653378452BC6C1BD00E8B940 /* BookingDetailsVC.swift */,
			);
			path = VC;
			sourceTree = "<group>";
		};
		65A0A9B32BC3D20800919446 /* Views */ = {
			isa = PBXGroup;
			children = (
				65A0A9B52BC3D21800919446 /* TVCells */,
				65A0A9B42BC3D21200919446 /* CVCells */,
			);
			path = Views;
			sourceTree = "<group>";
		};
		65A0A9B42BC3D21200919446 /* CVCells */ = {
			isa = PBXGroup;
			children = (
				6533782A2BC6883500E8B940 /* CabinClassCVCell */,
			);
			path = CVCells;
			sourceTree = "<group>";
		};
		65A0A9B52BC3D21800919446 /* TVCells */ = {
			isa = PBXGroup;
			children = (
				651B59082BC7EC5800132165 /* Booking Details */,
				651B58E02BC7940800132165 /* Flight Details */,
				653378362BC6943700E8B940 /* SearchResult */,
			);
			path = TVCells;
			sourceTree = "<group>";
		};
		65A0A9B62BC3D22300919446 /* ViewModels */ = {
			isa = PBXGroup;
			children = (
			);
			path = ViewModels;
			sourceTree = "<group>";
		};
		65A0A9B72BC3D22A00919446 /* Models */ = {
			isa = PBXGroup;
			children = (
			);
			path = Models;
			sourceTree = "<group>";
		};
		65A0A9BA2BC3D25200919446 /* SB */ = {
			isa = PBXGroup;
			children = (
				65A0A9BB2BC3D26600919446 /* Flights.storyboard */,
			);
			path = SB;
			sourceTree = "<group>";
		};
		65A0A9C22BC40EF700919446 /* SearchFlightsTVCell */ = {
			isa = PBXGroup;
			children = (
				65A0A9C32BC40F0E00919446 /* SearchFlightsTVCell.swift */,
				65A0A9C42BC40F0E00919446 /* SearchFlightsTVCell.xib */,
			);
			path = SearchFlightsTVCell;
			sourceTree = "<group>";
		};
		65A719382BBFE02C009C05D3 = {
			isa = PBXGroup;
			children = (
				65A719432BBFE02D009C05D3 /* Safariyati */,
				65A7195A2BBFE02F009C05D3 /* SafariyatiTests */,
				65A719642BBFE02F009C05D3 /* SafariyatiUITests */,
				65A719422BBFE02D009C05D3 /* Products */,
				DF6B6F3E5EB23B841625FB4E /* Pods */,
				A46FA58688AE43FD17A296BF /* Frameworks */,
			);
			sourceTree = "<group>";
		};
		65A719422BBFE02D009C05D3 /* Products */ = {
			isa = PBXGroup;
			children = (
				65A719412BBFE02D009C05D3 /* Safariyati.app */,
				65A719572BBFE02F009C05D3 /* SafariyatiTests.xctest */,
				65A719612BBFE02F009C05D3 /* SafariyatiUITests.xctest */,
			);
			name = Products;
			sourceTree = "<group>";
		};
		65A719432BBFE02D009C05D3 /* Safariyati */ = {
			isa = PBXGroup;
			children = (
				65A719742BBFE28B009C05D3 /* APP */,
				65A719442BBFE02D009C05D3 /* AppDelegate.swift */,
				65A719462BBFE02D009C05D3 /* SceneDelegate.swift */,
				65A7194D2BBFE02F009C05D3 /* Assets.xcassets */,
				65A7194F2BBFE02F009C05D3 /* LaunchScreen.storyboard */,
				65A719522BBFE02F009C05D3 /* Info.plist */,
			);
			path = Safariyati;
			sourceTree = "<group>";
		};
		65A7195A2BBFE02F009C05D3 /* SafariyatiTests */ = {
			isa = PBXGroup;
			children = (
				65A7195B2BBFE02F009C05D3 /* SafariyatiTests.swift */,
			);
			path = SafariyatiTests;
			sourceTree = "<group>";
		};
		65A719642BBFE02F009C05D3 /* SafariyatiUITests */ = {
			isa = PBXGroup;
			children = (
				65A719652BBFE02F009C05D3 /* SafariyatiUITests.swift */,
				65A719672BBFE02F009C05D3 /* SafariyatiUITestsLaunchTests.swift */,
			);
			path = SafariyatiUITests;
			sourceTree = "<group>";
		};
		65A719742BBFE28B009C05D3 /* APP */ = {
			isa = PBXGroup;
			children = (
				65A719752BBFE2C7009C05D3 /* Config */,
				65A71A042BBFE500009C05D3 /* Scences */,
			);
			path = APP;
			sourceTree = "<group>";
		};
		65A719752BBFE2C7009C05D3 /* Config */ = {
			isa = PBXGroup;
			children = (
				65A719762BBFE2C7009C05D3 /* BaseVCS */,
				65A7197C2BBFE2C7009C05D3 /* Constants */,
				65A719812BBFE2C7009C05D3 /* CommonMethods */,
				65A719822BBFE2C7009C05D3 /* Service Manager */,
				65A719852BBFE2C7009C05D3 /* Extensions */,
				65A7198F2BBFE2C7009C05D3 /* UIFonts */,
				65A719B02BBFE2C7009C05D3 /* Helper */,
				65A719B82BBFE2C7009C05D3 /* JsonFiles */,
			);
			path = Config;
			sourceTree = "<group>";
		};
		65A719762BBFE2C7009C05D3 /* BaseVCS */ = {
			isa = PBXGroup;
			children = (
				65A719772BBFE2C7009C05D3 /* BaseVC.swift */,
				65A719782BBFE2C7009C05D3 /* TableViewCell.swift */,
				65A719792BBFE2C7009C05D3 /* BaseTableVC.swift */,
				65A7197A2BBFE2C7009C05D3 /* UIModels.swift */,
			);
			path = BaseVCS;
			sourceTree = "<group>";
		};
		65A7197C2BBFE2C7009C05D3 /* Constants */ = {
			isa = PBXGroup;
			children = (
				65A7197D2BBFE2C7009C05D3 /* Constants.swift */,
				65A7197E2BBFE2C7009C05D3 /* loder.gif */,
				65A7197F2BBFE2C7009C05D3 /* sucessful.gif */,
				65A719802BBFE2C7009C05D3 /* SessionManager.swift */,
			);
			path = Constants;
			sourceTree = "<group>";
		};
		65A719812BBFE2C7009C05D3 /* CommonMethods */ = {
			isa = PBXGroup;
			children = (
			);
			path = CommonMethods;
			sourceTree = "<group>";
		};
		65A719822BBFE2C7009C05D3 /* Service Manager */ = {
			isa = PBXGroup;
			children = (
				65A719832BBFE2C7009C05D3 /* ServiceManager.swift */,
				65A719842BBFE2C7009C05D3 /* BorderView.swift */,
			);
			path = "Service Manager";
			sourceTree = "<group>";
		};
		65A719852BBFE2C7009C05D3 /* Extensions */ = {
			isa = PBXGroup;
			children = (
				65A719862BBFE2C7009C05D3 /* TableViewHelper.swift */,
				65A719872BBFE2C7009C05D3 /* UIViewControllerExtension.swift */,
				65A719882BBFE2C7009C05D3 /* ButtonExtension.swift */,
				65A719892BBFE2C7009C05D3 /* UIKitHelper.swift */,
				65A7198A2BBFE2C7009C05D3 /* TableViewExtensions.swift */,
				65A7198B2BBFE2C7009C05D3 /* StringExtension.swift */,
				65A7198C2BBFE2C7009C05D3 /* TextFieldExtension.swift */,
				65A7198D2BBFE2C7009C05D3 /* DateExtension.swift */,
				65A7198E2BBFE2C7009C05D3 /* UITapGestureRecognizer.swift */,
			);
			path = Extensions;
			sourceTree = "<group>";
		};
		65A7198F2BBFE2C7009C05D3 /* UIFonts */ = {
			isa = PBXGroup;
			children = (
				65A719F52BBFE35E009C05D3 /* Inter Fonts */,
				65A719902BBFE2C7009C05D3 /* FontManager.swift */,
				65A719962BBFE2C7009C05D3 /* UIColorManager.swift */,
				65A719AF2BBFE2C7009C05D3 /* ColorManager.swift */,
			);
			path = UIFonts;
			sourceTree = "<group>";
		};
		65A719B02BBFE2C7009C05D3 /* Helper */ = {
			isa = PBXGroup;
			children = (
				65A719B12BBFE2C7009C05D3 /* DeviceName.swift */,
				65A719B22BBFE2C7009C05D3 /* NSObject+Helper.swift */,
				65A719B32BBFE2C7009C05D3 /* Decodable.swift */,
				65A719B42BBFE2C7009C05D3 /* Loader.swift */,
				65A719B52BBFE2C7009C05D3 /* BaseViewModelProtocol.swift */,
				65A719B62BBFE2C7009C05D3 /* ProgressHUD.swift */,
				65A719B72BBFE2C7009C05D3 /* StoryboardExtension.swift */,
			);
			path = Helper;
			sourceTree = "<group>";
		};
		65A719B82BBFE2C7009C05D3 /* JsonFiles */ = {
			isa = PBXGroup;
			children = (
				65A719B92BBFE2C7009C05D3 /* CurrencyListJson */,
			);
			path = JsonFiles;
			sourceTree = "<group>";
		};
		65A719B92BBFE2C7009C05D3 /* CurrencyListJson */ = {
			isa = PBXGroup;
			children = (
				65A719BA2BBFE2C7009C05D3 /* clist.json */,
				65A719BB2BBFE2C7009C05D3 /* currencylist.json */,
			);
			path = CurrencyListJson;
			sourceTree = "<group>";
		};
		65A719F52BBFE35E009C05D3 /* Inter Fonts */ = {
			isa = PBXGroup;
			children = (
				65A719F62BBFE368009C05D3 /* Inter-Bold.ttf */,
				65A719FB2BBFE369009C05D3 /* Inter-Light.ttf */,
				65A719F92BBFE369009C05D3 /* Inter-Medium.ttf */,
				65A719F72BBFE369009C05D3 /* Inter-Regular.ttf */,
				65A719FC2BBFE369009C05D3 /* Inter-SemiBold.ttf */,
			);
			path = "Inter Fonts";
			sourceTree = "<group>";
		};
		65A71A042BBFE500009C05D3 /* Scences */ = {
			isa = PBXGroup;
			children = (
				65A0A9B12BC3D1ED00919446 /* Flight */,
				65A965CB2BC160E8000E0487 /* Menu */,
				65A71A052BBFE50F009C05D3 /* HomeScreen */,
			);
			path = Scences;
			sourceTree = "<group>";
		};
		65A71A052BBFE50F009C05D3 /* HomeScreen */ = {
			isa = PBXGroup;
			children = (
				65A71A062BBFE51A009C05D3 /* SB */,
				65A71A0A2BBFE541009C05D3 /* ViewModel */,
				65A71A092BBFE538009C05D3 /* Model */,
				65A71A082BBFE52F009C05D3 /* Views */,
				65A71A072BBFE524009C05D3 /* ViewController */,
			);
			path = HomeScreen;
			sourceTree = "<group>";
		};
		65A71A062BBFE51A009C05D3 /* SB */ = {
			isa = PBXGroup;
			children = (
				65A7194A2BBFE02D009C05D3 /* Main.storyboard */,
			);
			path = SB;
			sourceTree = "<group>";
		};
		65A71A072BBFE524009C05D3 /* ViewController */ = {
			isa = PBXGroup;
			children = (
				65A719482BBFE02D009C05D3 /* ViewController.swift */,
				65A71A0D2BBFFD89009C05D3 /* TabbarVC.swift */,
				65A71A172BC00C6D009C05D3 /* HomeVC.swift */,
				65562BF22BC501FF00E7883F /* MoreVC.swift */,
				65562BF42BC506EA00E7883F /* MoreDetailsVC.swift */,
				651B59052BC7EAE700132165 /* SelectCurrencyVC.swift */,
			);
			path = ViewController;
			sourceTree = "<group>";
		};
		65A71A082BBFE52F009C05D3 /* Views */ = {
			isa = PBXGroup;
			children = (
				65A71A102BC0060E009C05D3 /* TVCells */,
				65A71A0F2BC00602009C05D3 /* CVCells */,
			);
			path = Views;
			sourceTree = "<group>";
		};
		65A71A092BBFE538009C05D3 /* Model */ = {
			isa = PBXGroup;
			children = (
			);
			path = Model;
			sourceTree = "<group>";
		};
		65A71A0A2BBFE541009C05D3 /* ViewModel */ = {
			isa = PBXGroup;
			children = (
			);
			path = ViewModel;
			sourceTree = "<group>";
		};
		65A71A0F2BC00602009C05D3 /* CVCells */ = {
			isa = PBXGroup;
			children = (
				65A965BF2BC143EB000E0487 /* BestFlightCVCell */,
			);
			path = CVCells;
			sourceTree = "<group>";
		};
		65A71A102BC0060E009C05D3 /* TVCells */ = {
			isa = PBXGroup;
			children = (
				65A71A112BC00657009C05D3 /* Home */,
			);
			path = TVCells;
			sourceTree = "<group>";
		};
		65A71A112BC00657009C05D3 /* Home */ = {
			isa = PBXGroup;
			children = (
				651B59072BC7EB3300132165 /* SelectLanguageTVCell */,
				65A965C62BC15937000E0487 /* TopDestinationsTVCell */,
				65A71A192BC00FE2009C05D3 /* BestFlightTVCell */,
				65A71A122BC00660009C05D3 /* TabselectTVCell */,
			);
			path = Home;
			sourceTree = "<group>";
		};
		65A71A122BC00660009C05D3 /* TabselectTVCell */ = {
			isa = PBXGroup;
			children = (
				65A71A132BC0068A009C05D3 /* TabselectTVCell.swift */,
				65A71A142BC0068A009C05D3 /* TabselectTVCell.xib */,
			);
			path = TabselectTVCell;
			sourceTree = "<group>";
		};
		65A71A192BC00FE2009C05D3 /* BestFlightTVCell */ = {
			isa = PBXGroup;
			children = (
				65A71A1A2BC0100E009C05D3 /* BestFlightTVCell.swift */,
				65A71A1B2BC0100E009C05D3 /* BestFlightTVCell.xib */,
			);
			path = BestFlightTVCell;
			sourceTree = "<group>";
		};
		65A965BF2BC143EB000E0487 /* BestFlightCVCell */ = {
			isa = PBXGroup;
			children = (
				65A965C22BC14420000E0487 /* BestFlightCVCell.swift */,
				65A965C32BC14420000E0487 /* BestFlightCVCell.xib */,
			);
			path = BestFlightCVCell;
			sourceTree = "<group>";
		};
		65A965C62BC15937000E0487 /* TopDestinationsTVCell */ = {
			isa = PBXGroup;
			children = (
				65A965C72BC1595F000E0487 /* TopDestinationsTVCell.swift */,
				65A965C82BC1595F000E0487 /* TopDestinationsTVCell.xib */,
			);
			path = TopDestinationsTVCell;
			sourceTree = "<group>";
		};
		65A965CB2BC160E8000E0487 /* Menu */ = {
			isa = PBXGroup;
			children = (
				65A965D02BC16118000E0487 /* SB */,
				65A965CF2BC1610E000E0487 /* Models */,
				65A965CE2BC16103000E0487 /* ViewModel */,
				65A965CD2BC160FB000E0487 /* Views */,
				65A965CC2BC160F6000E0487 /* VC */,
			);
			path = Menu;
			sourceTree = "<group>";
		};
		65A965CC2BC160F6000E0487 /* VC */ = {
			isa = PBXGroup;
			children = (
				65A965D12BC16150000E0487 /* MenuVC.swift */,
			);
			path = VC;
			sourceTree = "<group>";
		};
		65A965CD2BC160FB000E0487 /* Views */ = {
			isa = PBXGroup;
			children = (
				65A965D62BC1665B000E0487 /* TVCells */,
				65A965D52BC1664D000E0487 /* CVCells */,
			);
			path = Views;
			sourceTree = "<group>";
		};
		65A965CE2BC16103000E0487 /* ViewModel */ = {
			isa = PBXGroup;
			children = (
			);
			path = ViewModel;
			sourceTree = "<group>";
		};
		65A965CF2BC1610E000E0487 /* Models */ = {
			isa = PBXGroup;
			children = (
			);
			path = Models;
			sourceTree = "<group>";
		};
		65A965D02BC16118000E0487 /* SB */ = {
			isa = PBXGroup;
			children = (
				65A965D32BC1616A000E0487 /* Menu.storyboard */,
			);
			path = SB;
			sourceTree = "<group>";
		};
		65A965D52BC1664D000E0487 /* CVCells */ = {
			isa = PBXGroup;
			children = (
			);
			path = CVCells;
			sourceTree = "<group>";
		};
		65A965D62BC1665B000E0487 /* TVCells */ = {
			isa = PBXGroup;
			children = (
				65A965E12BC1806B000E0487 /* EmptyTVCell */,
				65A965DC2BC17BCC000E0487 /* MenuTitleTVCell */,
				65A965D72BC1667A000E0487 /* MenuBGTVCell */,
			);
			path = TVCells;
			sourceTree = "<group>";
		};
		65A965D72BC1667A000E0487 /* MenuBGTVCell */ = {
			isa = PBXGroup;
			children = (
				65A965D82BC16692000E0487 /* MenuBGTVCell.swift */,
				65A965D92BC16692000E0487 /* MenuBGTVCell.xib */,
			);
			path = MenuBGTVCell;
			sourceTree = "<group>";
		};
		65A965DC2BC17BCC000E0487 /* MenuTitleTVCell */ = {
			isa = PBXGroup;
			children = (
				65A965DD2BC17BE6000E0487 /* MenuTitleTVCell.swift */,
				65A965DE2BC17BE6000E0487 /* MenuTitleTVCell.xib */,
			);
			path = MenuTitleTVCell;
			sourceTree = "<group>";
		};
		65A965E12BC1806B000E0487 /* EmptyTVCell */ = {
			isa = PBXGroup;
			children = (
				65A965E22BC18087000E0487 /* EmptyTVCell.swift */,
				65A965E32BC18087000E0487 /* EmptyTVCell.xib */,
			);
			path = EmptyTVCell;
			sourceTree = "<group>";
		};
		65E5507D2BC8F8E300C9864D /* NoteTVCell */ = {
			isa = PBXGroup;
			children = (
				65E5507E2BC8F90C00C9864D /* NoteTVCell.swift */,
				65E5507F2BC8F90C00C9864D /* NoteTVCell.xib */,
			);
			path = NoteTVCell;
			sourceTree = "<group>";
		};
		A46FA58688AE43FD17A296BF /* Frameworks */ = {
			isa = PBXGroup;
			children = (
				90CE53CEA5C6EDC6EF9D0DE0 /* Pods_Safariyati.framework */,
				E8E8CA32E91485BC30034A10 /* Pods_Safariyati_SafariyatiUITests.framework */,
				91C8F04407717B070F2F8692 /* Pods_SafariyatiTests.framework */,
			);
			name = Frameworks;
			sourceTree = "<group>";
		};
		DF6B6F3E5EB23B841625FB4E /* Pods */ = {
			isa = PBXGroup;
			children = (
				9D70478020864654056E15C6 /* Pods-Safariyati.debug.xcconfig */,
				7997A873247B3F031C6DFCEA /* Pods-Safariyati.release.xcconfig */,
				7855170A7BBFE9727910E08F /* Pods-Safariyati-SafariyatiUITests.debug.xcconfig */,
				B0846B8239CC60CEC0FB510F /* Pods-Safariyati-SafariyatiUITests.release.xcconfig */,
				89188CCEA5E5A656BE4E9718 /* Pods-SafariyatiTests.debug.xcconfig */,
				45013A5EAFB587D885235FA8 /* Pods-SafariyatiTests.release.xcconfig */,
			);
			path = Pods;
			sourceTree = "<group>";
		};
/* End PBXGroup section */

/* Begin PBXNativeTarget section */
		65A719402BBFE02D009C05D3 /* Safariyati */ = {
			isa = PBXNativeTarget;
			buildConfigurationList = 65A7196B2BBFE02F009C05D3 /* Build configuration list for PBXNativeTarget "Safariyati" */;
			buildPhases = (
				62D8FBFF901438F3023A2820 /* [CP] Check Pods Manifest.lock */,
				65A7193D2BBFE02D009C05D3 /* Sources */,
				65A7193E2BBFE02D009C05D3 /* Frameworks */,
				65A7193F2BBFE02D009C05D3 /* Resources */,
				0B53290D62F92F28E52A855B /* [CP] Embed Pods Frameworks */,
				9D1F16F43A84F6A54186BA96 /* [CP] Copy Pods Resources */,
			);
			buildRules = (
			);
			dependencies = (
			);
			name = Safariyati;
			productName = Safariyati;
			productReference = 65A719412BBFE02D009C05D3 /* Safariyati.app */;
			productType = "com.apple.product-type.application";
		};
		65A719562BBFE02F009C05D3 /* SafariyatiTests */ = {
			isa = PBXNativeTarget;
			buildConfigurationList = 65A7196E2BBFE02F009C05D3 /* Build configuration list for PBXNativeTarget "SafariyatiTests" */;
			buildPhases = (
				53D2D492D7B10BFC5E7EDB4E /* [CP] Check Pods Manifest.lock */,
				65A719532BBFE02F009C05D3 /* Sources */,
				65A719542BBFE02F009C05D3 /* Frameworks */,
				65A719552BBFE02F009C05D3 /* Resources */,
			);
			buildRules = (
			);
			dependencies = (
				65A719592BBFE02F009C05D3 /* PBXTargetDependency */,
			);
			name = SafariyatiTests;
			productName = SafariyatiTests;
			productReference = 65A719572BBFE02F009C05D3 /* SafariyatiTests.xctest */;
			productType = "com.apple.product-type.bundle.unit-test";
		};
		65A719602BBFE02F009C05D3 /* SafariyatiUITests */ = {
			isa = PBXNativeTarget;
			buildConfigurationList = 65A719712BBFE02F009C05D3 /* Build configuration list for PBXNativeTarget "SafariyatiUITests" */;
			buildPhases = (
				F138B20431ACA39696C80440 /* [CP] Check Pods Manifest.lock */,
				65A7195D2BBFE02F009C05D3 /* Sources */,
				65A7195E2BBFE02F009C05D3 /* Frameworks */,
				65A7195F2BBFE02F009C05D3 /* Resources */,
				A7B4179EF826DE5F6C4C6FB4 /* [CP] Embed Pods Frameworks */,
				D8718D21F08CC094E6E8DF43 /* [CP] Copy Pods Resources */,
			);
			buildRules = (
			);
			dependencies = (
				65A719632BBFE02F009C05D3 /* PBXTargetDependency */,
			);
			name = SafariyatiUITests;
			productName = SafariyatiUITests;
			productReference = 65A719612BBFE02F009C05D3 /* SafariyatiUITests.xctest */;
			productType = "com.apple.product-type.bundle.ui-testing";
		};
/* End PBXNativeTarget section */

/* Begin PBXProject section */
		65A719392BBFE02C009C05D3 /* Project object */ = {
			isa = PBXProject;
			attributes = {
				BuildIndependentTargetsInParallel = 1;
				LastSwiftUpdateCheck = 1500;
				LastUpgradeCheck = 1500;
				TargetAttributes = {
					65A719402BBFE02D009C05D3 = {
						CreatedOnToolsVersion = 15.0.1;
					};
					65A719562BBFE02F009C05D3 = {
						CreatedOnToolsVersion = 15.0.1;
						TestTargetID = 65A719402BBFE02D009C05D3;
					};
					65A719602BBFE02F009C05D3 = {
						CreatedOnToolsVersion = 15.0.1;
						TestTargetID = 65A719402BBFE02D009C05D3;
					};
				};
			};
			buildConfigurationList = 65A7193C2BBFE02C009C05D3 /* Build configuration list for PBXProject "Safariyati" */;
			compatibilityVersion = "Xcode 14.0";
			developmentRegion = en;
			hasScannedForEncodings = 0;
			knownRegions = (
				en,
				Base,
			);
			mainGroup = 65A719382BBFE02C009C05D3;
			productRefGroup = 65A719422BBFE02D009C05D3 /* Products */;
			projectDirPath = "";
			projectRoot = "";
			targets = (
				65A719402BBFE02D009C05D3 /* Safariyati */,
				65A719562BBFE02F009C05D3 /* SafariyatiTests */,
				65A719602BBFE02F009C05D3 /* SafariyatiUITests */,
			);
		};
/* End PBXProject section */

/* Begin PBXResourcesBuildPhase section */
		65A7193F2BBFE02D009C05D3 /* Resources */ = {
			isa = PBXResourcesBuildPhase;
			buildActionMask = 2147483647;
			files = (
				65A965D42BC1616A000E0487 /* Menu.storyboard in Resources */,
				65E550812BC8F90C00C9864D /* NoteTVCell.xib in Resources */,
				65A965DB2BC16692000E0487 /* MenuBGTVCell.xib in Resources */,
				65562BFC2BC5438700E7883F /* CityInfoTVCell.xib in Resources */,
				65A965E02BC17BE6000E0487 /* MenuTitleTVCell.xib in Resources */,
				65A719FF2BBFE4F1009C05D3 /* Inter-Bold.ttf in Resources */,
				65A71A002BBFE4F1009C05D3 /* Inter-Light.ttf in Resources */,
				65A71A012BBFE4F1009C05D3 /* Inter-Medium.ttf in Resources */,
				65A71A1D2BC0100E009C05D3 /* BestFlightTVCell.xib in Resources */,
				653378332BC688FB00E8B940 /* CabinClassTVCell.xib in Resources */,
				6533783B2BC6946C00E8B940 /* AddFlightInfoTVCell.xib in Resources */,
				65A965C52BC14420000E0487 /* BestFlightCVCell.xib in Resources */,
				651B58EF2BC79FD200132165 /* BaggageTVCell.xib in Resources */,
				651B590D2BC7EC8100132165 /* BDFlightDetailsTVCell.xib in Resources */,
				65A71A022BBFE4F1009C05D3 /* Inter-Regular.ttf in Resources */,
				657684C12BC815DB00F0FF80 /* TermsAndPrivacyCheckBoxTVCell.xib in Resources */,
				65A71A032BBFE4F1009C05D3 /* Inter-SemiBold.ttf in Resources */,
				65A0A9BC2BC3D26600919446 /* Flights.storyboard in Resources */,
				65A719F42BBFE2C7009C05D3 /* currencylist.json in Resources */,
				65A719512BBFE02F009C05D3 /* LaunchScreen.storyboard in Resources */,
				651B58EA2BC794EA00132165 /* AddFlightltineraryInfoTVCell.xib in Resources */,
				65A7194E2BBFE02F009C05D3 /* Assets.xcassets in Resources */,
				651B58FD2BC7BBA000132165 /* SelectFareTVCell.xib in Resources */,
				651B59122BC7EFDE00132165 /* GuestRegistrationTVCell.xib in Resources */,
				65A719C32BBFE2C7009C05D3 /* sucessful.gif in Resources */,
				65A7194C2BBFE02D009C05D3 /* Main.storyboard in Resources */,
				65A965CA2BC1595F000E0487 /* TopDestinationsTVCell.xib in Resources */,
				65A0A9C62BC40F0E00919446 /* SearchFlightsTVCell.xib in Resources */,
				65A719F32BBFE2C7009C05D3 /* clist.json in Resources */,
				65A965E52BC18087000E0487 /* EmptyTVCell.xib in Resources */,
				653378272BC646CE00E8B940 /* SelectTravellerTVCell.xib in Resources */,
				65A719C22BBFE2C7009C05D3 /* loder.gif in Resources */,
				65A71A162BC0068A009C05D3 /* TabselectTVCell.xib in Resources */,
				651B58E52BC7944C00132165 /* AddFlightltineraryTVCell.xib in Resources */,
				651B58F42BC7A68100132165 /* ExchangeOrRefundTVCell.xib in Resources */,
				651B59022BC7BDBA00132165 /* AddFareInfoTVCell.xib in Resources */,
				653378402BC69A0500E8B940 /* SearchResultTVCell.xib in Resources */,
				6533782E2BC6885400E8B940 /* CabinClassCVCell.xib in Resources */,
			);
			runOnlyForDeploymentPostprocessing = 0;
		};
		65A719552BBFE02F009C05D3 /* Resources */ = {
			isa = PBXResourcesBuildPhase;
			buildActionMask = 2147483647;
			files = (
			);
			runOnlyForDeploymentPostprocessing = 0;
		};
		65A7195F2BBFE02F009C05D3 /* Resources */ = {
			isa = PBXResourcesBuildPhase;
			buildActionMask = 2147483647;
			files = (
			);
			runOnlyForDeploymentPostprocessing = 0;
		};
/* End PBXResourcesBuildPhase section */

/* Begin PBXShellScriptBuildPhase section */
		0B53290D62F92F28E52A855B /* [CP] Embed Pods Frameworks */ = {
			isa = PBXShellScriptBuildPhase;
			buildActionMask = 2147483647;
			files = (
			);
			inputFileListPaths = (
				"${PODS_ROOT}/Target Support Files/Pods-Safariyati/Pods-Safariyati-frameworks-${CONFIGURATION}-input-files.xcfilelist",
			);
			name = "[CP] Embed Pods Frameworks";
			outputFileListPaths = (
				"${PODS_ROOT}/Target Support Files/Pods-Safariyati/Pods-Safariyati-frameworks-${CONFIGURATION}-output-files.xcfilelist",
			);
			runOnlyForDeploymentPostprocessing = 0;
			shellPath = /bin/sh;
			shellScript = "\"${PODS_ROOT}/Target Support Files/Pods-Safariyati/Pods-Safariyati-frameworks.sh\"\n";
			showEnvVarsInLog = 0;
		};
		53D2D492D7B10BFC5E7EDB4E /* [CP] Check Pods Manifest.lock */ = {
			isa = PBXShellScriptBuildPhase;
			buildActionMask = 2147483647;
			files = (
			);
			inputFileListPaths = (
			);
			inputPaths = (
				"${PODS_PODFILE_DIR_PATH}/Podfile.lock",
				"${PODS_ROOT}/Manifest.lock",
			);
			name = "[CP] Check Pods Manifest.lock";
			outputFileListPaths = (
			);
			outputPaths = (
				"$(DERIVED_FILE_DIR)/Pods-SafariyatiTests-checkManifestLockResult.txt",
			);
			runOnlyForDeploymentPostprocessing = 0;
			shellPath = /bin/sh;
			shellScript = "diff \"${PODS_PODFILE_DIR_PATH}/Podfile.lock\" \"${PODS_ROOT}/Manifest.lock\" > /dev/null\nif [ $? != 0 ] ; then\n    # print error to STDERR\n    echo \"error: The sandbox is not in sync with the Podfile.lock. Run 'pod install' or update your CocoaPods installation.\" >&2\n    exit 1\nfi\n# This output is used by Xcode 'outputs' to avoid re-running this script phase.\necho \"SUCCESS\" > \"${SCRIPT_OUTPUT_FILE_0}\"\n";
			showEnvVarsInLog = 0;
		};
		62D8FBFF901438F3023A2820 /* [CP] Check Pods Manifest.lock */ = {
			isa = PBXShellScriptBuildPhase;
			buildActionMask = 2147483647;
			files = (
			);
			inputFileListPaths = (
			);
			inputPaths = (
				"${PODS_PODFILE_DIR_PATH}/Podfile.lock",
				"${PODS_ROOT}/Manifest.lock",
			);
			name = "[CP] Check Pods Manifest.lock";
			outputFileListPaths = (
			);
			outputPaths = (
				"$(DERIVED_FILE_DIR)/Pods-Safariyati-checkManifestLockResult.txt",
			);
			runOnlyForDeploymentPostprocessing = 0;
			shellPath = /bin/sh;
			shellScript = "diff \"${PODS_PODFILE_DIR_PATH}/Podfile.lock\" \"${PODS_ROOT}/Manifest.lock\" > /dev/null\nif [ $? != 0 ] ; then\n    # print error to STDERR\n    echo \"error: The sandbox is not in sync with the Podfile.lock. Run 'pod install' or update your CocoaPods installation.\" >&2\n    exit 1\nfi\n# This output is used by Xcode 'outputs' to avoid re-running this script phase.\necho \"SUCCESS\" > \"${SCRIPT_OUTPUT_FILE_0}\"\n";
			showEnvVarsInLog = 0;
		};
		9D1F16F43A84F6A54186BA96 /* [CP] Copy Pods Resources */ = {
			isa = PBXShellScriptBuildPhase;
			buildActionMask = 2147483647;
			files = (
			);
			inputFileListPaths = (
				"${PODS_ROOT}/Target Support Files/Pods-Safariyati/Pods-Safariyati-resources-${CONFIGURATION}-input-files.xcfilelist",
			);
			name = "[CP] Copy Pods Resources";
			outputFileListPaths = (
				"${PODS_ROOT}/Target Support Files/Pods-Safariyati/Pods-Safariyati-resources-${CONFIGURATION}-output-files.xcfilelist",
			);
			runOnlyForDeploymentPostprocessing = 0;
			shellPath = /bin/sh;
			shellScript = "\"${PODS_ROOT}/Target Support Files/Pods-Safariyati/Pods-Safariyati-resources.sh\"\n";
			showEnvVarsInLog = 0;
		};
		A7B4179EF826DE5F6C4C6FB4 /* [CP] Embed Pods Frameworks */ = {
			isa = PBXShellScriptBuildPhase;
			buildActionMask = 2147483647;
			files = (
			);
			inputFileListPaths = (
				"${PODS_ROOT}/Target Support Files/Pods-Safariyati-SafariyatiUITests/Pods-Safariyati-SafariyatiUITests-frameworks-${CONFIGURATION}-input-files.xcfilelist",
			);
			name = "[CP] Embed Pods Frameworks";
			outputFileListPaths = (
				"${PODS_ROOT}/Target Support Files/Pods-Safariyati-SafariyatiUITests/Pods-Safariyati-SafariyatiUITests-frameworks-${CONFIGURATION}-output-files.xcfilelist",
			);
			runOnlyForDeploymentPostprocessing = 0;
			shellPath = /bin/sh;
			shellScript = "\"${PODS_ROOT}/Target Support Files/Pods-Safariyati-SafariyatiUITests/Pods-Safariyati-SafariyatiUITests-frameworks.sh\"\n";
			showEnvVarsInLog = 0;
		};
		D8718D21F08CC094E6E8DF43 /* [CP] Copy Pods Resources */ = {
			isa = PBXShellScriptBuildPhase;
			buildActionMask = 2147483647;
			files = (
			);
			inputFileListPaths = (
				"${PODS_ROOT}/Target Support Files/Pods-Safariyati-SafariyatiUITests/Pods-Safariyati-SafariyatiUITests-resources-${CONFIGURATION}-input-files.xcfilelist",
			);
			name = "[CP] Copy Pods Resources";
			outputFileListPaths = (
				"${PODS_ROOT}/Target Support Files/Pods-Safariyati-SafariyatiUITests/Pods-Safariyati-SafariyatiUITests-resources-${CONFIGURATION}-output-files.xcfilelist",
			);
			runOnlyForDeploymentPostprocessing = 0;
			shellPath = /bin/sh;
			shellScript = "\"${PODS_ROOT}/Target Support Files/Pods-Safariyati-SafariyatiUITests/Pods-Safariyati-SafariyatiUITests-resources.sh\"\n";
			showEnvVarsInLog = 0;
		};
		F138B20431ACA39696C80440 /* [CP] Check Pods Manifest.lock */ = {
			isa = PBXShellScriptBuildPhase;
			buildActionMask = 2147483647;
			files = (
			);
			inputFileListPaths = (
			);
			inputPaths = (
				"${PODS_PODFILE_DIR_PATH}/Podfile.lock",
				"${PODS_ROOT}/Manifest.lock",
			);
			name = "[CP] Check Pods Manifest.lock";
			outputFileListPaths = (
			);
			outputPaths = (
				"$(DERIVED_FILE_DIR)/Pods-Safariyati-SafariyatiUITests-checkManifestLockResult.txt",
			);
			runOnlyForDeploymentPostprocessing = 0;
			shellPath = /bin/sh;
			shellScript = "diff \"${PODS_PODFILE_DIR_PATH}/Podfile.lock\" \"${PODS_ROOT}/Manifest.lock\" > /dev/null\nif [ $? != 0 ] ; then\n    # print error to STDERR\n    echo \"error: The sandbox is not in sync with the Podfile.lock. Run 'pod install' or update your CocoaPods installation.\" >&2\n    exit 1\nfi\n# This output is used by Xcode 'outputs' to avoid re-running this script phase.\necho \"SUCCESS\" > \"${SCRIPT_OUTPUT_FILE_0}\"\n";
			showEnvVarsInLog = 0;
		};
/* End PBXShellScriptBuildPhase section */

/* Begin PBXSourcesBuildPhase section */
		65A7193D2BBFE02D009C05D3 /* Sources */ = {
			isa = PBXSourcesBuildPhase;
			buildActionMask = 2147483647;
			files = (
				653378352BC6940300E8B940 /* SearchResultVC.swift in Sources */,
				65562BF72BC5417000E7883F /* SelectCityVC.swift in Sources */,
				65A719C52BBFE2C7009C05D3 /* ServiceManager.swift in Sources */,
				653378292BC6513D00E8B940 /* AddTravellerVC.swift in Sources */,
				6533782D2BC6885400E8B940 /* CabinClassCVCell.swift in Sources */,
				65A719D52BBFE2C7009C05D3 /* UIColorManager.swift in Sources */,
				65A719CE2BBFE2C7009C05D3 /* DateExtension.swift in Sources */,
				65A719BD2BBFE2C7009C05D3 /* TableViewCell.swift in Sources */,
				65A719CA2BBFE2C7009C05D3 /* UIKitHelper.swift in Sources */,
				651B58F62BC7AAB400132165 /* ModifySearchVC.swift in Sources */,
				65A719BF2BBFE2C7009C05D3 /* UIModels.swift in Sources */,
				657684C02BC815DB00F0FF80 /* TermsAndPrivacyCheckBoxTVCell.swift in Sources */,
				65A719F02BBFE2C7009C05D3 /* BaseViewModelProtocol.swift in Sources */,
				65A719C72BBFE2C7009C05D3 /* TableViewHelper.swift in Sources */,
				651B59012BC7BDBA00132165 /* AddFareInfoTVCell.swift in Sources */,
				65A719F12BBFE2C7009C05D3 /* ProgressHUD.swift in Sources */,
				65A71A182BC00C6D009C05D3 /* HomeVC.swift in Sources */,
				651B58FC2BC7BBA000132165 /* SelectFareTVCell.swift in Sources */,
				651B58E92BC794EA00132165 /* AddFlightltineraryInfoTVCell.swift in Sources */,
				65A719ED2BBFE2C7009C05D3 /* NSObject+Helper.swift in Sources */,
				653378322BC688FB00E8B940 /* CabinClassTVCell.swift in Sources */,
				651B58F32BC7A68100132165 /* ExchangeOrRefundTVCell.swift in Sources */,
				651B58EE2BC79FD200132165 /* BaggageTVCell.swift in Sources */,
				6533783F2BC69A0500E8B940 /* SearchResultTVCell.swift in Sources */,
				65A719D02BBFE2C7009C05D3 /* FontManager.swift in Sources */,
				65A719EE2BBFE2C7009C05D3 /* Decodable.swift in Sources */,
				653378422BC6AE3B00E8B940 /* FlightDetailsVC.swift in Sources */,
				65562BFB2BC5438700E7883F /* CityInfoTVCell.swift in Sources */,
				65A965DA2BC16692000E0487 /* MenuBGTVCell.swift in Sources */,
				65A719492BBFE02D009C05D3 /* ViewController.swift in Sources */,
				651B59112BC7EFDE00132165 /* GuestRegistrationTVCell.swift in Sources */,
				65A0A9B92BC3D24500919446 /* SearchFlightsVC.swift in Sources */,
				65562BF52BC506EA00E7883F /* MoreDetailsVC.swift in Sources */,
				65A719F22BBFE2C7009C05D3 /* StoryboardExtension.swift in Sources */,
				65A71A0E2BBFFD89009C05D3 /* TabbarVC.swift in Sources */,
				6533783A2BC6946C00E8B940 /* AddFlightInfoTVCell.swift in Sources */,
				65A719C62BBFE2C7009C05D3 /* BorderView.swift in Sources */,
				65A719452BBFE02D009C05D3 /* AppDelegate.swift in Sources */,
				65A71A152BC0068A009C05D3 /* TabselectTVCell.swift in Sources */,
				65562BF32BC501FF00E7883F /* MoreVC.swift in Sources */,
				65A719CB2BBFE2C7009C05D3 /* TableViewExtensions.swift in Sources */,
				653378462BC6C1BD00E8B940 /* BookingDetailsVC.swift in Sources */,
				65A965E42BC18087000E0487 /* EmptyTVCell.swift in Sources */,
				65A0A9C52BC40F0E00919446 /* SearchFlightsTVCell.swift in Sources */,
				65A719472BBFE02D009C05D3 /* SceneDelegate.swift in Sources */,
				65A719CF2BBFE2C7009C05D3 /* UITapGestureRecognizer.swift in Sources */,
				65A719EB2BBFE2C7009C05D3 /* ColorManager.swift in Sources */,
				651B58E42BC7944C00132165 /* AddFlightltineraryTVCell.swift in Sources */,
				653378262BC646CE00E8B940 /* SelectTravellerTVCell.swift in Sources */,
				653378442BC6C1AD00E8B940 /* SelectFareVC.swift in Sources */,
				65A719CD2BBFE2C7009C05D3 /* TextFieldExtension.swift in Sources */,
				65E550802BC8F90C00C9864D /* NoteTVCell.swift in Sources */,
				65A965DF2BC17BE6000E0487 /* MenuTitleTVCell.swift in Sources */,
				65A965C42BC14420000E0487 /* BestFlightCVCell.swift in Sources */,
				65A719BE2BBFE2C7009C05D3 /* BaseTableVC.swift in Sources */,
				65A719BC2BBFE2C7009C05D3 /* BaseVC.swift in Sources */,
				651B59062BC7EAE700132165 /* SelectCurrencyVC.swift in Sources */,
				651B590C2BC7EC8100132165 /* BDFlightDetailsTVCell.swift in Sources */,
				65A719C42BBFE2C7009C05D3 /* SessionManager.swift in Sources */,
				65A71A1C2BC0100E009C05D3 /* BestFlightTVCell.swift in Sources */,
				65A719CC2BBFE2C7009C05D3 /* StringExtension.swift in Sources */,
				65A719C92BBFE2C7009C05D3 /* ButtonExtension.swift in Sources */,
				65A719C82BBFE2C7009C05D3 /* UIViewControllerExtension.swift in Sources */,
				65A965D22BC16150000E0487 /* MenuVC.swift in Sources */,
				65A965C92BC1595F000E0487 /* TopDestinationsTVCell.swift in Sources */,
				65A719EC2BBFE2C7009C05D3 /* DeviceName.swift in Sources */,
				65A719EF2BBFE2C7009C05D3 /* Loader.swift in Sources */,
				65A719C12BBFE2C7009C05D3 /* Constants.swift in Sources */,
			);
			runOnlyForDeploymentPostprocessing = 0;
		};
		65A719532BBFE02F009C05D3 /* Sources */ = {
			isa = PBXSourcesBuildPhase;
			buildActionMask = 2147483647;
			files = (
				65A7195C2BBFE02F009C05D3 /* SafariyatiTests.swift in Sources */,
			);
			runOnlyForDeploymentPostprocessing = 0;
		};
		65A7195D2BBFE02F009C05D3 /* Sources */ = {
			isa = PBXSourcesBuildPhase;
			buildActionMask = 2147483647;
			files = (
				65A719662BBFE02F009C05D3 /* SafariyatiUITests.swift in Sources */,
				65A719682BBFE02F009C05D3 /* SafariyatiUITestsLaunchTests.swift in Sources */,
			);
			runOnlyForDeploymentPostprocessing = 0;
		};
/* End PBXSourcesBuildPhase section */

/* Begin PBXTargetDependency section */
		65A719592BBFE02F009C05D3 /* PBXTargetDependency */ = {
			isa = PBXTargetDependency;
			target = 65A719402BBFE02D009C05D3 /* Safariyati */;
			targetProxy = 65A719582BBFE02F009C05D3 /* PBXContainerItemProxy */;
		};
		65A719632BBFE02F009C05D3 /* PBXTargetDependency */ = {
			isa = PBXTargetDependency;
			target = 65A719402BBFE02D009C05D3 /* Safariyati */;
			targetProxy = 65A719622BBFE02F009C05D3 /* PBXContainerItemProxy */;
		};
/* End PBXTargetDependency section */

/* Begin PBXVariantGroup section */
		65A7194A2BBFE02D009C05D3 /* Main.storyboard */ = {
			isa = PBXVariantGroup;
			children = (
				65A7194B2BBFE02D009C05D3 /* Base */,
			);
			name = Main.storyboard;
			sourceTree = "<group>";
		};
		65A7194F2BBFE02F009C05D3 /* LaunchScreen.storyboard */ = {
			isa = PBXVariantGroup;
			children = (
				65A719502BBFE02F009C05D3 /* Base */,
			);
			name = LaunchScreen.storyboard;
			sourceTree = "<group>";
		};
/* End PBXVariantGroup section */

/* Begin XCBuildConfiguration section */
		65A719692BBFE02F009C05D3 /* Debug */ = {
			isa = XCBuildConfiguration;
			buildSettings = {
				ALWAYS_SEARCH_USER_PATHS = NO;
				ASSETCATALOG_COMPILER_GENERATE_SWIFT_ASSET_SYMBOL_EXTENSIONS = YES;
				CLANG_ANALYZER_NONNULL = YES;
				CLANG_ANALYZER_NUMBER_OBJECT_CONVERSION = YES_AGGRESSIVE;
				CLANG_CXX_LANGUAGE_STANDARD = "gnu++20";
				CLANG_ENABLE_MODULES = YES;
				CLANG_ENABLE_OBJC_ARC = YES;
				CLANG_ENABLE_OBJC_WEAK = YES;
				CLANG_WARN_BLOCK_CAPTURE_AUTORELEASING = YES;
				CLANG_WARN_BOOL_CONVERSION = YES;
				CLANG_WARN_COMMA = YES;
				CLANG_WARN_CONSTANT_CONVERSION = YES;
				CLANG_WARN_DEPRECATED_OBJC_IMPLEMENTATIONS = YES;
				CLANG_WARN_DIRECT_OBJC_ISA_USAGE = YES_ERROR;
				CLANG_WARN_DOCUMENTATION_COMMENTS = YES;
				CLANG_WARN_EMPTY_BODY = YES;
				CLANG_WARN_ENUM_CONVERSION = YES;
				CLANG_WARN_INFINITE_RECURSION = YES;
				CLANG_WARN_INT_CONVERSION = YES;
				CLANG_WARN_NON_LITERAL_NULL_CONVERSION = YES;
				CLANG_WARN_OBJC_IMPLICIT_RETAIN_SELF = YES;
				CLANG_WARN_OBJC_LITERAL_CONVERSION = YES;
				CLANG_WARN_OBJC_ROOT_CLASS = YES_ERROR;
				CLANG_WARN_QUOTED_INCLUDE_IN_FRAMEWORK_HEADER = YES;
				CLANG_WARN_RANGE_LOOP_ANALYSIS = YES;
				CLANG_WARN_STRICT_PROTOTYPES = YES;
				CLANG_WARN_SUSPICIOUS_MOVE = YES;
				CLANG_WARN_UNGUARDED_AVAILABILITY = YES_AGGRESSIVE;
				CLANG_WARN_UNREACHABLE_CODE = YES;
				CLANG_WARN__DUPLICATE_METHOD_MATCH = YES;
				COPY_PHASE_STRIP = NO;
				DEBUG_INFORMATION_FORMAT = dwarf;
				ENABLE_STRICT_OBJC_MSGSEND = YES;
				ENABLE_TESTABILITY = YES;
				ENABLE_USER_SCRIPT_SANDBOXING = YES;
				GCC_C_LANGUAGE_STANDARD = gnu17;
				GCC_DYNAMIC_NO_PIC = NO;
				GCC_NO_COMMON_BLOCKS = YES;
				GCC_OPTIMIZATION_LEVEL = 0;
				GCC_PREPROCESSOR_DEFINITIONS = (
					"DEBUG=1",
					"$(inherited)",
				);
				GCC_WARN_64_TO_32_BIT_CONVERSION = YES;
				GCC_WARN_ABOUT_RETURN_TYPE = YES_ERROR;
				GCC_WARN_UNDECLARED_SELECTOR = YES;
				GCC_WARN_UNINITIALIZED_AUTOS = YES_AGGRESSIVE;
				GCC_WARN_UNUSED_FUNCTION = YES;
				GCC_WARN_UNUSED_VARIABLE = YES;
				IPHONEOS_DEPLOYMENT_TARGET = 17.0;
				LOCALIZATION_PREFERS_STRING_CATALOGS = YES;
				MTL_ENABLE_DEBUG_INFO = INCLUDE_SOURCE;
				MTL_FAST_MATH = YES;
				ONLY_ACTIVE_ARCH = YES;
				SDKROOT = iphoneos;
				SWIFT_ACTIVE_COMPILATION_CONDITIONS = "DEBUG $(inherited)";
				SWIFT_OPTIMIZATION_LEVEL = "-Onone";
			};
			name = Debug;
		};
		65A7196A2BBFE02F009C05D3 /* Release */ = {
			isa = XCBuildConfiguration;
			buildSettings = {
				ALWAYS_SEARCH_USER_PATHS = NO;
				ASSETCATALOG_COMPILER_GENERATE_SWIFT_ASSET_SYMBOL_EXTENSIONS = YES;
				CLANG_ANALYZER_NONNULL = YES;
				CLANG_ANALYZER_NUMBER_OBJECT_CONVERSION = YES_AGGRESSIVE;
				CLANG_CXX_LANGUAGE_STANDARD = "gnu++20";
				CLANG_ENABLE_MODULES = YES;
				CLANG_ENABLE_OBJC_ARC = YES;
				CLANG_ENABLE_OBJC_WEAK = YES;
				CLANG_WARN_BLOCK_CAPTURE_AUTORELEASING = YES;
				CLANG_WARN_BOOL_CONVERSION = YES;
				CLANG_WARN_COMMA = YES;
				CLANG_WARN_CONSTANT_CONVERSION = YES;
				CLANG_WARN_DEPRECATED_OBJC_IMPLEMENTATIONS = YES;
				CLANG_WARN_DIRECT_OBJC_ISA_USAGE = YES_ERROR;
				CLANG_WARN_DOCUMENTATION_COMMENTS = YES;
				CLANG_WARN_EMPTY_BODY = YES;
				CLANG_WARN_ENUM_CONVERSION = YES;
				CLANG_WARN_INFINITE_RECURSION = YES;
				CLANG_WARN_INT_CONVERSION = YES;
				CLANG_WARN_NON_LITERAL_NULL_CONVERSION = YES;
				CLANG_WARN_OBJC_IMPLICIT_RETAIN_SELF = YES;
				CLANG_WARN_OBJC_LITERAL_CONVERSION = YES;
				CLANG_WARN_OBJC_ROOT_CLASS = YES_ERROR;
				CLANG_WARN_QUOTED_INCLUDE_IN_FRAMEWORK_HEADER = YES;
				CLANG_WARN_RANGE_LOOP_ANALYSIS = YES;
				CLANG_WARN_STRICT_PROTOTYPES = YES;
				CLANG_WARN_SUSPICIOUS_MOVE = YES;
				CLANG_WARN_UNGUARDED_AVAILABILITY = YES_AGGRESSIVE;
				CLANG_WARN_UNREACHABLE_CODE = YES;
				CLANG_WARN__DUPLICATE_METHOD_MATCH = YES;
				COPY_PHASE_STRIP = NO;
				DEBUG_INFORMATION_FORMAT = "dwarf-with-dsym";
				ENABLE_NS_ASSERTIONS = NO;
				ENABLE_STRICT_OBJC_MSGSEND = YES;
				ENABLE_USER_SCRIPT_SANDBOXING = YES;
				GCC_C_LANGUAGE_STANDARD = gnu17;
				GCC_NO_COMMON_BLOCKS = YES;
				GCC_WARN_64_TO_32_BIT_CONVERSION = YES;
				GCC_WARN_ABOUT_RETURN_TYPE = YES_ERROR;
				GCC_WARN_UNDECLARED_SELECTOR = YES;
				GCC_WARN_UNINITIALIZED_AUTOS = YES_AGGRESSIVE;
				GCC_WARN_UNUSED_FUNCTION = YES;
				GCC_WARN_UNUSED_VARIABLE = YES;
				IPHONEOS_DEPLOYMENT_TARGET = 17.0;
				LOCALIZATION_PREFERS_STRING_CATALOGS = YES;
				MTL_ENABLE_DEBUG_INFO = NO;
				MTL_FAST_MATH = YES;
				SDKROOT = iphoneos;
				SWIFT_COMPILATION_MODE = wholemodule;
				VALIDATE_PRODUCT = YES;
			};
			name = Release;
		};
		65A7196C2BBFE02F009C05D3 /* Debug */ = {
			isa = XCBuildConfiguration;
			baseConfigurationReference = 9D70478020864654056E15C6 /* Pods-Safariyati.debug.xcconfig */;
			buildSettings = {
				ASSETCATALOG_COMPILER_APPICON_NAME = AppIcon;
				ASSETCATALOG_COMPILER_GLOBAL_ACCENT_COLOR_NAME = AccentColor;
				CODE_SIGN_STYLE = Automatic;
				CURRENT_PROJECT_VERSION = 1;
				DEVELOPMENT_TEAM = 5TLY5PME9K;
				ENABLE_USER_SCRIPT_SANDBOXING = NO;
				GENERATE_INFOPLIST_FILE = YES;
				INFOPLIST_FILE = Safariyati/Info.plist;
				INFOPLIST_KEY_LSApplicationCategoryType = "public.app-category.travel";
				INFOPLIST_KEY_UIApplicationSupportsIndirectInputEvents = YES;
				INFOPLIST_KEY_UILaunchStoryboardName = LaunchScreen;
				INFOPLIST_KEY_UIMainStoryboardFile = Main;
				INFOPLIST_KEY_UISupportedInterfaceOrientations_iPad = "UIInterfaceOrientationPortrait UIInterfaceOrientationPortraitUpsideDown UIInterfaceOrientationLandscapeLeft UIInterfaceOrientationLandscapeRight";
				INFOPLIST_KEY_UISupportedInterfaceOrientations_iPhone = "UIInterfaceOrientationPortrait UIInterfaceOrientationLandscapeLeft UIInterfaceOrientationLandscapeRight";
				INFOPLIST_KEY_UIUserInterfaceStyle = Light;
				LD_RUNPATH_SEARCH_PATHS = (
					"$(inherited)",
					"@executable_path/Frameworks",
				);
				MARKETING_VERSION = 1.0;
				PRODUCT_BUNDLE_IDENTIFIER = com.Safariyati;
				PRODUCT_NAME = "$(TARGET_NAME)";
				SUPPORTED_PLATFORMS = "iphoneos iphonesimulator";
				SUPPORTS_MACCATALYST = NO;
				SUPPORTS_MAC_DESIGNED_FOR_IPHONE_IPAD = NO;
				SWIFT_EMIT_LOC_STRINGS = YES;
				SWIFT_VERSION = 5.0;
				TARGETED_DEVICE_FAMILY = 1;
			};
			name = Debug;
		};
		65A7196D2BBFE02F009C05D3 /* Release */ = {
			isa = XCBuildConfiguration;
			baseConfigurationReference = 7997A873247B3F031C6DFCEA /* Pods-Safariyati.release.xcconfig */;
			buildSettings = {
				ASSETCATALOG_COMPILER_APPICON_NAME = AppIcon;
				ASSETCATALOG_COMPILER_GLOBAL_ACCENT_COLOR_NAME = AccentColor;
				CODE_SIGN_STYLE = Automatic;
				CURRENT_PROJECT_VERSION = 1;
				DEVELOPMENT_TEAM = 5TLY5PME9K;
				ENABLE_USER_SCRIPT_SANDBOXING = NO;
				GENERATE_INFOPLIST_FILE = YES;
				INFOPLIST_FILE = Safariyati/Info.plist;
				INFOPLIST_KEY_LSApplicationCategoryType = "public.app-category.travel";
				INFOPLIST_KEY_UIApplicationSupportsIndirectInputEvents = YES;
				INFOPLIST_KEY_UILaunchStoryboardName = LaunchScreen;
				INFOPLIST_KEY_UIMainStoryboardFile = Main;
				INFOPLIST_KEY_UISupportedInterfaceOrientations_iPad = "UIInterfaceOrientationPortrait UIInterfaceOrientationPortraitUpsideDown UIInterfaceOrientationLandscapeLeft UIInterfaceOrientationLandscapeRight";
				INFOPLIST_KEY_UISupportedInterfaceOrientations_iPhone = "UIInterfaceOrientationPortrait UIInterfaceOrientationLandscapeLeft UIInterfaceOrientationLandscapeRight";
				INFOPLIST_KEY_UIUserInterfaceStyle = Light;
				LD_RUNPATH_SEARCH_PATHS = (
					"$(inherited)",
					"@executable_path/Frameworks",
				);
				MARKETING_VERSION = 1.0;
				PRODUCT_BUNDLE_IDENTIFIER = com.Safariyati;
				PRODUCT_NAME = "$(TARGET_NAME)";
				SUPPORTED_PLATFORMS = "iphoneos iphonesimulator";
				SUPPORTS_MACCATALYST = NO;
				SUPPORTS_MAC_DESIGNED_FOR_IPHONE_IPAD = NO;
				SWIFT_EMIT_LOC_STRINGS = YES;
				SWIFT_VERSION = 5.0;
				TARGETED_DEVICE_FAMILY = 1;
			};
			name = Release;
		};
		65A7196F2BBFE02F009C05D3 /* Debug */ = {
			isa = XCBuildConfiguration;
			baseConfigurationReference = 89188CCEA5E5A656BE4E9718 /* Pods-SafariyatiTests.debug.xcconfig */;
			buildSettings = {
				ALWAYS_EMBED_SWIFT_STANDARD_LIBRARIES = YES;
				BUNDLE_LOADER = "$(TEST_HOST)";
				CODE_SIGN_STYLE = Automatic;
				CURRENT_PROJECT_VERSION = 1;
				DEVELOPMENT_TEAM = 5TLY5PME9K;
				GENERATE_INFOPLIST_FILE = YES;
				IPHONEOS_DEPLOYMENT_TARGET = 17.0;
				MARKETING_VERSION = 1.0;
				PRODUCT_BUNDLE_IDENTIFIER = com.HolidaysCenter.SafariyatiTests;
				PRODUCT_NAME = "$(TARGET_NAME)";
				SWIFT_EMIT_LOC_STRINGS = NO;
				SWIFT_VERSION = 5.0;
				TARGETED_DEVICE_FAMILY = "1,2";
				TEST_HOST = "$(BUILT_PRODUCTS_DIR)/Safariyati.app/$(BUNDLE_EXECUTABLE_FOLDER_PATH)/Safariyati";
			};
			name = Debug;
		};
		65A719702BBFE02F009C05D3 /* Release */ = {
			isa = XCBuildConfiguration;
			baseConfigurationReference = 45013A5EAFB587D885235FA8 /* Pods-SafariyatiTests.release.xcconfig */;
			buildSettings = {
				ALWAYS_EMBED_SWIFT_STANDARD_LIBRARIES = YES;
				BUNDLE_LOADER = "$(TEST_HOST)";
				CODE_SIGN_STYLE = Automatic;
				CURRENT_PROJECT_VERSION = 1;
				DEVELOPMENT_TEAM = 5TLY5PME9K;
				GENERATE_INFOPLIST_FILE = YES;
				IPHONEOS_DEPLOYMENT_TARGET = 17.0;
				MARKETING_VERSION = 1.0;
				PRODUCT_BUNDLE_IDENTIFIER = com.HolidaysCenter.SafariyatiTests;
				PRODUCT_NAME = "$(TARGET_NAME)";
				SWIFT_EMIT_LOC_STRINGS = NO;
				SWIFT_VERSION = 5.0;
				TARGETED_DEVICE_FAMILY = "1,2";
				TEST_HOST = "$(BUILT_PRODUCTS_DIR)/Safariyati.app/$(BUNDLE_EXECUTABLE_FOLDER_PATH)/Safariyati";
			};
			name = Release;
		};
		65A719722BBFE02F009C05D3 /* Debug */ = {
			isa = XCBuildConfiguration;
			baseConfigurationReference = 7855170A7BBFE9727910E08F /* Pods-Safariyati-SafariyatiUITests.debug.xcconfig */;
			buildSettings = {
				ALWAYS_EMBED_SWIFT_STANDARD_LIBRARIES = YES;
				CODE_SIGN_STYLE = Automatic;
				CURRENT_PROJECT_VERSION = 1;
				DEVELOPMENT_TEAM = 5TLY5PME9K;
				GENERATE_INFOPLIST_FILE = YES;
				MARKETING_VERSION = 1.0;
				PRODUCT_BUNDLE_IDENTIFIER = com.HolidaysCenter.SafariyatiUITests;
				PRODUCT_NAME = "$(TARGET_NAME)";
				SWIFT_EMIT_LOC_STRINGS = NO;
				SWIFT_VERSION = 5.0;
				TARGETED_DEVICE_FAMILY = "1,2";
				TEST_TARGET_NAME = Safariyati;
			};
			name = Debug;
		};
		65A719732BBFE02F009C05D3 /* Release */ = {
			isa = XCBuildConfiguration;
			baseConfigurationReference = B0846B8239CC60CEC0FB510F /* Pods-Safariyati-SafariyatiUITests.release.xcconfig */;
			buildSettings = {
				ALWAYS_EMBED_SWIFT_STANDARD_LIBRARIES = YES;
				CODE_SIGN_STYLE = Automatic;
				CURRENT_PROJECT_VERSION = 1;
				DEVELOPMENT_TEAM = 5TLY5PME9K;
				GENERATE_INFOPLIST_FILE = YES;
				MARKETING_VERSION = 1.0;
				PRODUCT_BUNDLE_IDENTIFIER = com.HolidaysCenter.SafariyatiUITests;
				PRODUCT_NAME = "$(TARGET_NAME)";
				SWIFT_EMIT_LOC_STRINGS = NO;
				SWIFT_VERSION = 5.0;
				TARGETED_DEVICE_FAMILY = "1,2";
				TEST_TARGET_NAME = Safariyati;
			};
			name = Release;
		};
/* End XCBuildConfiguration section */

/* Begin XCConfigurationList section */
		65A7193C2BBFE02C009C05D3 /* Build configuration list for PBXProject "Safariyati" */ = {
			isa = XCConfigurationList;
			buildConfigurations = (
				65A719692BBFE02F009C05D3 /* Debug */,
				65A7196A2BBFE02F009C05D3 /* Release */,
			);
			defaultConfigurationIsVisible = 0;
			defaultConfigurationName = Release;
		};
		65A7196B2BBFE02F009C05D3 /* Build configuration list for PBXNativeTarget "Safariyati" */ = {
			isa = XCConfigurationList;
			buildConfigurations = (
				65A7196C2BBFE02F009C05D3 /* Debug */,
				65A7196D2BBFE02F009C05D3 /* Release */,
			);
			defaultConfigurationIsVisible = 0;
			defaultConfigurationName = Release;
		};
		65A7196E2BBFE02F009C05D3 /* Build configuration list for PBXNativeTarget "SafariyatiTests" */ = {
			isa = XCConfigurationList;
			buildConfigurations = (
				65A7196F2BBFE02F009C05D3 /* Debug */,
				65A719702BBFE02F009C05D3 /* Release */,
			);
			defaultConfigurationIsVisible = 0;
			defaultConfigurationName = Release;
		};
		65A719712BBFE02F009C05D3 /* Build configuration list for PBXNativeTarget "SafariyatiUITests" */ = {
			isa = XCConfigurationList;
			buildConfigurations = (
				65A719722BBFE02F009C05D3 /* Debug */,
				65A719732BBFE02F009C05D3 /* Release */,
			);
			defaultConfigurationIsVisible = 0;
			defaultConfigurationName = Release;
		};
/* End XCConfigurationList section */
	};
	rootObject = 65A719392BBFE02C009C05D3 /* Project object */;
}
